
Microsoft Visual Studio Solution File, Format Version 12.00
# Visual Studio 15
VisualStudioVersion = 15.0.28307.1145
MinimumVisualStudioVersion = 10.0.40219.1
Project("{8BC9CEB8-8B4A-11D0-8D11-00A0C91BC942}") = "TestDll", "TestDll2\TestDll2.vcxproj", "{207F376D-4553-49A4-91C0-04B644786AFF}"
EndProject
Project("{8BC9CEB8-8B4A-11D0-8D11-00A0C91BC942}") = "DLL1(采用Def文件)", "DLL1(采用Def文件)\DLL1.vcxproj", "{DF4E508B-9A13-43B0-84F2-FCE20BAB4259}"
EndProject
Project("{8BC9CEB8-8B4A-11D0-8D11-00A0C91BC942}") = "DLL2(未采用Def文件)", "DLL2(未采用Def文件)\DLL2.vcxproj", "{27A38D9A-44C8-433F-BAA2-31BBD5D3590D}"
EndProject
Project("{8BC9CEB8-8B4A-11D0-8D11-00A0C91BC942}") = "第1章 win32应用程序", "第1章 win32应用程序\第一个win32应用程序.vcxproj", "{8E32D547-CB42-4C10-834A-F6673B73FA36}"
EndProject
Project("{8BC9CEB8-8B4A-11D0-8D11-00A0C91BC942}") = "第3章 MFC框架", "第3章 MFC框架\MFCArc.vcxproj", "{4FBD8536-EBB7-40FD-B77E-F560965042E0}"
EndProject
Project("{8BC9CEB8-8B4A-11D0-8D11-00A0C91BC942}") = "第4章 DrawLine", "第4章 DrawLine\DraLine.vcxproj", "{B1BD7290-5892-489C-96B5-4A04F7EFB03A}"
EndProject
Project("{8BC9CEB8-8B4A-11D0-8D11-00A0C91BC942}") = "第5章 文本编程", "第5章 文本编程\Text.vcxproj", "{B8702F95-9DA0-4813-BB0A-465C11E149C5}"
EndProject
Project("{8BC9CEB8-8B4A-11D0-8D11-00A0C91BC942}") = "第7章 对话框1", "第7章 对话框1\Mybole.vcxproj", "{90C5B868-900C-4FF3-B212-E9E8A9313975}"
EndProject
Project("{8BC9CEB8-8B4A-11D0-8D11-00A0C91BC942}") = "第8章 创建属性表单", "第8章 创建属性表单\Prop.vcxproj", "{8DD0DB4F-0D2B-43F9-AA27-318C64D571A4}"
EndProject
Project("{8BC9CEB8-8B4A-11D0-8D11-00A0C91BC942}") = "第8章 对话框2(逃跑按钮)", "第8章 对话框2(逃跑按钮)\Test.vcxproj", "{8FB63579-C491-46F1-B897-9343A6A89DD4}"
EndProject
Project("{8BC9CEB8-8B4A-11D0-8D11-00A0C91BC942}") = "WriteXML", "WriteXML\WriteXML.vcxproj", "{FCD92CE5-0401-49C3-BB8D-1F589FAF69C7}"
EndProject
Project("{8BC9CEB8-8B4A-11D0-8D11-00A0C91BC942}") = "第6章1 菜单", "第6章1 菜单\Menu.vcxproj", "{B9232C92-F52D-4632-B291-A4068C91A051}"
EndProject
Project("{8BC9CEB8-8B4A-11D0-8D11-00A0C91BC942}") = "第6章2 动态菜单", "第6章2 动态菜单\Menu2.vcxproj", "{48000482-FD50-4FE7-879F-1B571FFC3372}"
EndProject
Project("{8BC9CEB8-8B4A-11D0-8D11-00A0C91BC942}") = "第6章3 电话本实例程序", "第6章3 电话本实例程序\Menu3.vcxproj", "{D7D6D9FB-CC50-4489-A04E-73B0C19D7C36}"
EndProject
Project("{8BC9CEB8-8B4A-11D0-8D11-00A0C91BC942}") = "第9章1 定制外观", "第9章1 定制程序外观\Style.vcxproj", "{D5BF4CDC-CB42-45CC-8AD8-CF5858228625}"
EndProject
Project("{8BC9CEB8-8B4A-11D0-8D11-00A0C91BC942}") = "第9章2 模拟动画图标", "第9章2 模拟动画图标\PicSwitch.vcxproj", "{DD8957EB-A627-4A77-89AA-DC1438326C14}"
EndProject
Project("{8BC9CEB8-8B4A-11D0-8D11-00A0C91BC942}") = "第10章 绘图控制", "第10章 绘图控制\Graphic.vcxproj", "{A318349D-1814-4023-A644-D0DC518F5645}"
EndProject
Project("{8BC9CEB8-8B4A-11D0-8D11-00A0C91BC942}") = "第11章 图形保存与重绘", "GraphicSave\GraphicSave.vcxproj", "{09CDB42F-2898-4C36-8AA6-5BE279DC937F}"
EndProject
Project("{8BC9CEB8-8B4A-11D0-8D11-00A0C91BC942}") = "第11章 元文件绘图", "第11章 元文件绘图\MetaFile.vcxproj", "{76D05346-0036-41F4-AF80-9F96654B12E2}"
EndProject
Project("{8BC9CEB8-8B4A-11D0-8D11-00A0C91BC942}") = "第11章 兼容DC", "第11章 兼容DC\兼容DC.vcxproj", "{9A3C10BB-B490-4C9D-B3D6-0DF11F07CDE2}"
EndProject
Project("{8BC9CEB8-8B4A-11D0-8D11-00A0C91BC942}") = "第12章 文件操作", "第12章 文件操作\File.vcxproj", "{3D7D7568-09B5-4A04-8303-B93437A3AE4F}"
EndProject
Project("{8BC9CEB8-8B4A-11D0-8D11-00A0C91BC942}") = "第12章 ini和注册表操作", "WinIni\WinIni.vcxproj", "{AB068813-8593-4558-B437-B6D0A2F23BD3}"
EndProject
Project("{8BC9CEB8-8B4A-11D0-8D11-00A0C91BC942}") = "第13章 串行化", "第13章 文档与串行化\Serialize.vcxproj", "{A9B99F2F-C30A-418E-AD93-D54FE5033EC1}"
EndProject
Project("{8BC9CEB8-8B4A-11D0-8D11-00A0C91BC942}") = "TCPSrv", "TCPSrv\TCPSrv.vcxproj", "{931C8B0C-C441-4E37-8E1C-523D54413218}"
EndProject
Project("{8BC9CEB8-8B4A-11D0-8D11-00A0C91BC942}") = "AdaptiveEdit", "AdaptiveEdit\AdaptiveEdit.vcxproj", "{F3B08722-09A9-4A29-9D1E-311920DE4F83}"
EndProject
Project("{8BC9CEB8-8B4A-11D0-8D11-00A0C91BC942}") = "AddTips", "AddTips\AddTips.vcxproj", "{5938CE22-AFCD-49D1-8ABB-060677E87B9C}"
EndProject
Project("{8BC9CEB8-8B4A-11D0-8D11-00A0C91BC942}") = "EditableListCtrl", "EditableListCtrl\EditableListCtrl.vcxproj", "{0A619CE5-EB96-4BBB-BEB4-BFF687050A72}"
EndProject
Project("{8BC9CEB8-8B4A-11D0-8D11-00A0C91BC942}") = "FindFileInDir", "FindFileInDir\FindFileInDir.vcxproj", "{F7A097CB-3447-402A-A3C3-09550CA9BBE2}"
EndProject
Project("{8BC9CEB8-8B4A-11D0-8D11-00A0C91BC942}") = "GetChinesePinyin", "GetChinesePinyin\GetChinesePinyin.vcxproj", "{649CA2F1-AB54-4238-B503-DD0D367468F4}"
EndProject
Project("{8BC9CEB8-8B4A-11D0-8D11-00A0C91BC942}") = "编辑框的使用", "编辑框的使用\编辑框的使用.vcxproj", "{41367A48-09D4-42F0-B0F2-B5D1A2F06207}"
EndProject
Project("{8BC9CEB8-8B4A-11D0-8D11-00A0C91BC942}") = "TreeCtrlExample", "TreeCtrlExample\TreeCtrlExample.vcxproj", "{876A00F2-1D84-457E-8C54-811F474F7A09}"
EndProject
Project("{8BC9CEB8-8B4A-11D0-8D11-00A0C91BC942}") = "修改列表框的背景颜色", "CustomComboBox\CustomComboBox.vcxproj", "{D6AEC3FB-F3CD-4432-B1CA-FEF778601CD2}"
EndProject
Project("{8BC9CEB8-8B4A-11D0-8D11-00A0C91BC942}") = "SplitterWnd", "SplitterWnd\SplitterWnd.vcxproj", "{90C41888-7681-4173-9C39-E4CBCCDA1980}"
EndProject
Project("{8BC9CEB8-8B4A-11D0-8D11-00A0C91BC942}") = "ConfineCursor", "ConfineCursor\ConfineCursor.vcxproj", "{66444F9F-58EE-495B-8489-C4F617052F4F}"
EndProject
Project("{8BC9CEB8-8B4A-11D0-8D11-00A0C91BC942}") = "CustomEdit（验证Windows控件反射消息）", "CustomEdit\CustomEdit.vcxproj", "{DB759019-7741-4538-AB0F-0B1BEC63713E}"
EndProject
Project("{8BC9CEB8-8B4A-11D0-8D11-00A0C91BC942}") = "AddToolBar", "AddToolBar\AddToolBar.vcxproj", "{5D1A57B2-B637-4BDA-87C7-D0676F45DC2A}"
EndProject
Project("{8BC9CEB8-8B4A-11D0-8D11-00A0C91BC942}") = "CCustomLstCtrl", "CCustomLstCtrl\CCustomLstCtrl.vcxproj", "{EADC64AF-BD39-4D4B-AD15-DBA17971AC37}"
EndProject
Project("{8BC9CEB8-8B4A-11D0-8D11-00A0C91BC942}") = "TestMenuNew", "TestMenuNew\TestMenuNew.vcxproj", "{A200E387-5753-4C04-AF98-712910636D60}"
EndProject
Project("{8BC9CEB8-8B4A-11D0-8D11-00A0C91BC942}") = "案例1 位图按钮控件", "自定义位图按钮控件\BitmapButton.vcxproj", "{12EDBABE-204F-4212-BA71-006E9A384CAB}"
EndProject
Project("{8BC9CEB8-8B4A-11D0-8D11-00A0C91BC942}") = "TestCustomHeader", "TestCustomHeader\TestCustomHeader.vcxproj", "{29988FA6-516F-4BF6-8A5A-764DA2590B3B}"
EndProject
Project("{8BC9CEB8-8B4A-11D0-8D11-00A0C91BC942}") = "CustomSpinButton", "CustomSpinButton\CustomSpinButton.vcxproj", "{05CE22E8-D1D2-430B-9223-EFD9AAE2EDF4}"
EndProject
Project("{8BC9CEB8-8B4A-11D0-8D11-00A0C91BC942}") = "CNumSpinCtrlDemo", "NumSpin\CNumSpinCtrlDemo.vcxproj", "{59F74CC8-D02E-4723-896E-04F29EC5E225}"
EndProject
Project("{8BC9CEB8-8B4A-11D0-8D11-00A0C91BC942}") = "DDV_Extend", "DDV_Extend\DDV_Extend.vcxproj", "{32E50C07-BC00-4DF6-9D69-664B0E538A3C}"
EndProject
Project("{8BC9CEB8-8B4A-11D0-8D11-00A0C91BC942}") = "StretchBMP", "StretchBMP\StretchBMP.vcxproj", "{639917D6-2880-4C36-82CF-A92024C89629}"
EndProject
Project("{8BC9CEB8-8B4A-11D0-8D11-00A0C91BC942}") = "TestToolBar", "TestToolBar\TestToolBar.vcxproj", "{0540A316-A2F3-498B-A39B-736F3E345059}"
EndProject
Project("{8BC9CEB8-8B4A-11D0-8D11-00A0C91BC942}") = "ScreenShot", "ScreenShot\ScreenShot.vcxproj", "{134A8C3A-69A3-4A31-A3A5-9E04B3C43158}"
EndProject
Project("{8BC9CEB8-8B4A-11D0-8D11-00A0C91BC942}") = "ExtensionDLL", "ExtensionDLL\ExtensionDLL.vcxproj", "{DB4057D0-255A-4A72-A730-94DD88F2E163}"
EndProject
Project("{8BC9CEB8-8B4A-11D0-8D11-00A0C91BC942}") = "DemoCom", "DemoCom\DemoCom.vcxproj", "{5121A8F2-4C57-4908-8EB7-77250A431518}"
EndProject
Global
	GlobalSection(SolutionConfigurationPlatforms) = preSolution
		Debug|Win32 = Debug|Win32
		Debug|x64 = Debug|x64
		Debug|x86 = Debug|x86
		Release|Win32 = Release|Win32
		Release|x64 = Release|x64
		Release|x86 = Release|x86
	EndGlobalSection
	GlobalSection(ProjectConfigurationPlatforms) = postSolution
		{207F376D-4553-49A4-91C0-04B644786AFF}.Debug|Win32.ActiveCfg = Debug|Win32
		{207F376D-4553-49A4-91C0-04B644786AFF}.Debug|Win32.Build.0 = Debug|Win32
		{207F376D-4553-49A4-91C0-04B644786AFF}.Debug|x64.ActiveCfg = Debug|Win32
		{207F376D-4553-49A4-91C0-04B644786AFF}.Debug|x64.Build.0 = Debug|Win32
		{207F376D-4553-49A4-91C0-04B644786AFF}.Debug|x86.ActiveCfg = Debug|Win32
		{207F376D-4553-49A4-91C0-04B644786AFF}.Debug|x86.Build.0 = Debug|Win32
		{207F376D-4553-49A4-91C0-04B644786AFF}.Release|Win32.ActiveCfg = Release|Win32
		{207F376D-4553-49A4-91C0-04B644786AFF}.Release|Win32.Build.0 = Release|Win32
		{207F376D-4553-49A4-91C0-04B644786AFF}.Release|x64.ActiveCfg = Release|Win32
		{207F376D-4553-49A4-91C0-04B644786AFF}.Release|x64.Build.0 = Release|Win32
		{207F376D-4553-49A4-91C0-04B644786AFF}.Release|x86.ActiveCfg = Release|Win32
		{207F376D-4553-49A4-91C0-04B644786AFF}.Release|x86.Build.0 = Release|Win32
		{DF4E508B-9A13-43B0-84F2-FCE20BAB4259}.Debug|Win32.ActiveCfg = Debug|Win32
		{DF4E508B-9A13-43B0-84F2-FCE20BAB4259}.Debug|Win32.Build.0 = Debug|Win32
		{DF4E508B-9A13-43B0-84F2-FCE20BAB4259}.Debug|x64.ActiveCfg = Debug|Win32
		{DF4E508B-9A13-43B0-84F2-FCE20BAB4259}.Debug|x64.Build.0 = Debug|Win32
		{DF4E508B-9A13-43B0-84F2-FCE20BAB4259}.Debug|x86.ActiveCfg = Debug|Win32
		{DF4E508B-9A13-43B0-84F2-FCE20BAB4259}.Debug|x86.Build.0 = Debug|Win32
		{DF4E508B-9A13-43B0-84F2-FCE20BAB4259}.Release|Win32.ActiveCfg = Release|Win32
		{DF4E508B-9A13-43B0-84F2-FCE20BAB4259}.Release|Win32.Build.0 = Release|Win32
		{DF4E508B-9A13-43B0-84F2-FCE20BAB4259}.Release|x64.ActiveCfg = Release|Win32
		{DF4E508B-9A13-43B0-84F2-FCE20BAB4259}.Release|x64.Build.0 = Release|Win32
		{DF4E508B-9A13-43B0-84F2-FCE20BAB4259}.Release|x86.ActiveCfg = Release|Win32
		{DF4E508B-9A13-43B0-84F2-FCE20BAB4259}.Release|x86.Build.0 = Release|Win32
		{27A38D9A-44C8-433F-BAA2-31BBD5D3590D}.Debug|Win32.ActiveCfg = Debug|Win32
		{27A38D9A-44C8-433F-BAA2-31BBD5D3590D}.Debug|Win32.Build.0 = Debug|Win32
		{27A38D9A-44C8-433F-BAA2-31BBD5D3590D}.Debug|x64.ActiveCfg = Debug|Win32
		{27A38D9A-44C8-433F-BAA2-31BBD5D3590D}.Debug|x64.Build.0 = Debug|Win32
		{27A38D9A-44C8-433F-BAA2-31BBD5D3590D}.Debug|x86.ActiveCfg = Debug|Win32
		{27A38D9A-44C8-433F-BAA2-31BBD5D3590D}.Debug|x86.Build.0 = Debug|Win32
		{27A38D9A-44C8-433F-BAA2-31BBD5D3590D}.Release|Win32.ActiveCfg = Release|Win32
		{27A38D9A-44C8-433F-BAA2-31BBD5D3590D}.Release|Win32.Build.0 = Release|Win32
		{27A38D9A-44C8-433F-BAA2-31BBD5D3590D}.Release|x64.ActiveCfg = Release|Win32
		{27A38D9A-44C8-433F-BAA2-31BBD5D3590D}.Release|x64.Build.0 = Release|Win32
		{27A38D9A-44C8-433F-BAA2-31BBD5D3590D}.Release|x86.ActiveCfg = Release|Win32
		{27A38D9A-44C8-433F-BAA2-31BBD5D3590D}.Release|x86.Build.0 = Release|Win32
		{8E32D547-CB42-4C10-834A-F6673B73FA36}.Debug|Win32.ActiveCfg = Debug|Win32
		{8E32D547-CB42-4C10-834A-F6673B73FA36}.Debug|Win32.Build.0 = Debug|Win32
		{8E32D547-CB42-4C10-834A-F6673B73FA36}.Debug|x64.ActiveCfg = Debug|x64
		{8E32D547-CB42-4C10-834A-F6673B73FA36}.Debug|x64.Build.0 = Debug|x64
		{8E32D547-CB42-4C10-834A-F6673B73FA36}.Debug|x86.ActiveCfg = Debug|Win32
		{8E32D547-CB42-4C10-834A-F6673B73FA36}.Debug|x86.Build.0 = Debug|Win32
		{8E32D547-CB42-4C10-834A-F6673B73FA36}.Release|Win32.ActiveCfg = Release|Win32
		{8E32D547-CB42-4C10-834A-F6673B73FA36}.Release|Win32.Build.0 = Release|Win32
		{8E32D547-CB42-4C10-834A-F6673B73FA36}.Release|x64.ActiveCfg = Release|Win32
		{8E32D547-CB42-4C10-834A-F6673B73FA36}.Release|x64.Build.0 = Release|Win32
		{8E32D547-CB42-4C10-834A-F6673B73FA36}.Release|x86.ActiveCfg = Release|Win32
		{8E32D547-CB42-4C10-834A-F6673B73FA36}.Release|x86.Build.0 = Release|Win32
		{4FBD8536-EBB7-40FD-B77E-F560965042E0}.Debug|Win32.ActiveCfg = Debug|Win32
		{4FBD8536-EBB7-40FD-B77E-F560965042E0}.Debug|Win32.Build.0 = Debug|Win32
		{4FBD8536-EBB7-40FD-B77E-F560965042E0}.Debug|x64.ActiveCfg = Debug|Win32
		{4FBD8536-EBB7-40FD-B77E-F560965042E0}.Debug|x64.Build.0 = Debug|Win32
		{4FBD8536-EBB7-40FD-B77E-F560965042E0}.Debug|x86.ActiveCfg = Debug|Win32
		{4FBD8536-EBB7-40FD-B77E-F560965042E0}.Debug|x86.Build.0 = Debug|Win32
		{4FBD8536-EBB7-40FD-B77E-F560965042E0}.Release|Win32.ActiveCfg = Release|Win32
		{4FBD8536-EBB7-40FD-B77E-F560965042E0}.Release|Win32.Build.0 = Release|Win32
		{4FBD8536-EBB7-40FD-B77E-F560965042E0}.Release|x64.ActiveCfg = Release|Win32
		{4FBD8536-EBB7-40FD-B77E-F560965042E0}.Release|x64.Build.0 = Release|Win32
		{4FBD8536-EBB7-40FD-B77E-F560965042E0}.Release|x86.ActiveCfg = Release|Win32
		{4FBD8536-EBB7-40FD-B77E-F560965042E0}.Release|x86.Build.0 = Release|Win32
		{B1BD7290-5892-489C-96B5-4A04F7EFB03A}.Debug|Win32.ActiveCfg = Debug|Win32
		{B1BD7290-5892-489C-96B5-4A04F7EFB03A}.Debug|Win32.Build.0 = Debug|Win32
		{B1BD7290-5892-489C-96B5-4A04F7EFB03A}.Debug|x64.ActiveCfg = Debug|Win32
		{B1BD7290-5892-489C-96B5-4A04F7EFB03A}.Debug|x64.Build.0 = Debug|Win32
		{B1BD7290-5892-489C-96B5-4A04F7EFB03A}.Debug|x86.ActiveCfg = Debug|Win32
		{B1BD7290-5892-489C-96B5-4A04F7EFB03A}.Debug|x86.Build.0 = Debug|Win32
		{B1BD7290-5892-489C-96B5-4A04F7EFB03A}.Release|Win32.ActiveCfg = Release|Win32
		{B1BD7290-5892-489C-96B5-4A04F7EFB03A}.Release|Win32.Build.0 = Release|Win32
		{B1BD7290-5892-489C-96B5-4A04F7EFB03A}.Release|x64.ActiveCfg = Release|Win32
		{B1BD7290-5892-489C-96B5-4A04F7EFB03A}.Release|x64.Build.0 = Release|Win32
		{B1BD7290-5892-489C-96B5-4A04F7EFB03A}.Release|x86.ActiveCfg = Release|Win32
		{B1BD7290-5892-489C-96B5-4A04F7EFB03A}.Release|x86.Build.0 = Release|Win32
		{B8702F95-9DA0-4813-BB0A-465C11E149C5}.Debug|Win32.ActiveCfg = Debug|Win32
		{B8702F95-9DA0-4813-BB0A-465C11E149C5}.Debug|Win32.Build.0 = Debug|Win32
		{B8702F95-9DA0-4813-BB0A-465C11E149C5}.Debug|x64.ActiveCfg = Debug|Win32
		{B8702F95-9DA0-4813-BB0A-465C11E149C5}.Debug|x64.Build.0 = Debug|Win32
		{B8702F95-9DA0-4813-BB0A-465C11E149C5}.Debug|x86.ActiveCfg = Debug|Win32
		{B8702F95-9DA0-4813-BB0A-465C11E149C5}.Debug|x86.Build.0 = Debug|Win32
		{B8702F95-9DA0-4813-BB0A-465C11E149C5}.Release|Win32.ActiveCfg = Release|Win32
		{B8702F95-9DA0-4813-BB0A-465C11E149C5}.Release|Win32.Build.0 = Release|Win32
		{B8702F95-9DA0-4813-BB0A-465C11E149C5}.Release|x64.ActiveCfg = Release|Win32
		{B8702F95-9DA0-4813-BB0A-465C11E149C5}.Release|x64.Build.0 = Release|Win32
		{B8702F95-9DA0-4813-BB0A-465C11E149C5}.Release|x86.ActiveCfg = Release|Win32
		{B8702F95-9DA0-4813-BB0A-465C11E149C5}.Release|x86.Build.0 = Release|Win32
		{90C5B868-900C-4FF3-B212-E9E8A9313975}.Debug|Win32.ActiveCfg = Debug|Win32
		{90C5B868-900C-4FF3-B212-E9E8A9313975}.Debug|Win32.Build.0 = Debug|Win32
		{90C5B868-900C-4FF3-B212-E9E8A9313975}.Debug|x64.ActiveCfg = Debug|Win32
		{90C5B868-900C-4FF3-B212-E9E8A9313975}.Debug|x64.Build.0 = Debug|Win32
		{90C5B868-900C-4FF3-B212-E9E8A9313975}.Debug|x86.ActiveCfg = Debug|Win32
		{90C5B868-900C-4FF3-B212-E9E8A9313975}.Debug|x86.Build.0 = Debug|Win32
		{90C5B868-900C-4FF3-B212-E9E8A9313975}.Release|Win32.ActiveCfg = Release|Win32
		{90C5B868-900C-4FF3-B212-E9E8A9313975}.Release|Win32.Build.0 = Release|Win32
		{90C5B868-900C-4FF3-B212-E9E8A9313975}.Release|x64.ActiveCfg = Release|Win32
		{90C5B868-900C-4FF3-B212-E9E8A9313975}.Release|x64.Build.0 = Release|Win32
		{90C5B868-900C-4FF3-B212-E9E8A9313975}.Release|x86.ActiveCfg = Release|Win32
		{90C5B868-900C-4FF3-B212-E9E8A9313975}.Release|x86.Build.0 = Release|Win32
		{8DD0DB4F-0D2B-43F9-AA27-318C64D571A4}.Debug|Win32.ActiveCfg = Debug|Win32
		{8DD0DB4F-0D2B-43F9-AA27-318C64D571A4}.Debug|Win32.Build.0 = Debug|Win32
		{8DD0DB4F-0D2B-43F9-AA27-318C64D571A4}.Debug|x64.ActiveCfg = Debug|x64
		{8DD0DB4F-0D2B-43F9-AA27-318C64D571A4}.Debug|x64.Build.0 = Debug|x64
		{8DD0DB4F-0D2B-43F9-AA27-318C64D571A4}.Debug|x86.ActiveCfg = Debug|Win32
		{8DD0DB4F-0D2B-43F9-AA27-318C64D571A4}.Debug|x86.Build.0 = Debug|Win32
		{8DD0DB4F-0D2B-43F9-AA27-318C64D571A4}.Release|Win32.ActiveCfg = Release|Win32
		{8DD0DB4F-0D2B-43F9-AA27-318C64D571A4}.Release|Win32.Build.0 = Release|Win32
		{8DD0DB4F-0D2B-43F9-AA27-318C64D571A4}.Release|x64.ActiveCfg = Release|Win32
		{8DD0DB4F-0D2B-43F9-AA27-318C64D571A4}.Release|x64.Build.0 = Release|Win32
		{8DD0DB4F-0D2B-43F9-AA27-318C64D571A4}.Release|x86.ActiveCfg = Release|Win32
		{8DD0DB4F-0D2B-43F9-AA27-318C64D571A4}.Release|x86.Build.0 = Release|Win32
		{8FB63579-C491-46F1-B897-9343A6A89DD4}.Debug|Win32.ActiveCfg = Debug|Win32
		{8FB63579-C491-46F1-B897-9343A6A89DD4}.Debug|Win32.Build.0 = Debug|Win32
		{8FB63579-C491-46F1-B897-9343A6A89DD4}.Debug|x64.ActiveCfg = Debug|x64
		{8FB63579-C491-46F1-B897-9343A6A89DD4}.Debug|x64.Build.0 = Debug|x64
		{8FB63579-C491-46F1-B897-9343A6A89DD4}.Debug|x86.ActiveCfg = Debug|Win32
		{8FB63579-C491-46F1-B897-9343A6A89DD4}.Debug|x86.Build.0 = Debug|Win32
		{8FB63579-C491-46F1-B897-9343A6A89DD4}.Release|Win32.ActiveCfg = Release|Win32
		{8FB63579-C491-46F1-B897-9343A6A89DD4}.Release|Win32.Build.0 = Release|Win32
		{8FB63579-C491-46F1-B897-9343A6A89DD4}.Release|x64.ActiveCfg = Release|Win32
		{8FB63579-C491-46F1-B897-9343A6A89DD4}.Release|x64.Build.0 = Release|Win32
		{8FB63579-C491-46F1-B897-9343A6A89DD4}.Release|x86.ActiveCfg = Release|Win32
		{8FB63579-C491-46F1-B897-9343A6A89DD4}.Release|x86.Build.0 = Release|Win32
		{FCD92CE5-0401-49C3-BB8D-1F589FAF69C7}.Debug|Win32.ActiveCfg = Debug|Win32
		{FCD92CE5-0401-49C3-BB8D-1F589FAF69C7}.Debug|Win32.Build.0 = Debug|Win32
		{FCD92CE5-0401-49C3-BB8D-1F589FAF69C7}.Debug|x64.ActiveCfg = Debug|x64
		{FCD92CE5-0401-49C3-BB8D-1F589FAF69C7}.Debug|x64.Build.0 = Debug|x64
		{FCD92CE5-0401-49C3-BB8D-1F589FAF69C7}.Debug|x86.ActiveCfg = Debug|Win32
		{FCD92CE5-0401-49C3-BB8D-1F589FAF69C7}.Debug|x86.Build.0 = Debug|Win32
		{FCD92CE5-0401-49C3-BB8D-1F589FAF69C7}.Release|Win32.ActiveCfg = Release|Win32
		{FCD92CE5-0401-49C3-BB8D-1F589FAF69C7}.Release|Win32.Build.0 = Release|Win32
		{FCD92CE5-0401-49C3-BB8D-1F589FAF69C7}.Release|x64.ActiveCfg = Release|Win32
		{FCD92CE5-0401-49C3-BB8D-1F589FAF69C7}.Release|x86.ActiveCfg = Release|Win32
		{FCD92CE5-0401-49C3-BB8D-1F589FAF69C7}.Release|x86.Build.0 = Release|Win32
		{B9232C92-F52D-4632-B291-A4068C91A051}.Debug|Win32.ActiveCfg = Debug|Win32
		{B9232C92-F52D-4632-B291-A4068C91A051}.Debug|Win32.Build.0 = Debug|Win32
		{B9232C92-F52D-4632-B291-A4068C91A051}.Debug|x64.ActiveCfg = Debug|x64
		{B9232C92-F52D-4632-B291-A4068C91A051}.Debug|x64.Build.0 = Debug|x64
		{B9232C92-F52D-4632-B291-A4068C91A051}.Debug|x86.ActiveCfg = Debug|Win32
		{B9232C92-F52D-4632-B291-A4068C91A051}.Debug|x86.Build.0 = Debug|Win32
		{B9232C92-F52D-4632-B291-A4068C91A051}.Release|Win32.ActiveCfg = Release|Win32
		{B9232C92-F52D-4632-B291-A4068C91A051}.Release|Win32.Build.0 = Release|Win32
		{B9232C92-F52D-4632-B291-A4068C91A051}.Release|x64.ActiveCfg = Release|x64
		{B9232C92-F52D-4632-B291-A4068C91A051}.Release|x64.Build.0 = Release|x64
		{B9232C92-F52D-4632-B291-A4068C91A051}.Release|x86.ActiveCfg = Release|Win32
		{B9232C92-F52D-4632-B291-A4068C91A051}.Release|x86.Build.0 = Release|Win32
		{48000482-FD50-4FE7-879F-1B571FFC3372}.Debug|Win32.ActiveCfg = Debug|Win32
		{48000482-FD50-4FE7-879F-1B571FFC3372}.Debug|Win32.Build.0 = Debug|Win32
		{48000482-FD50-4FE7-879F-1B571FFC3372}.Debug|x64.ActiveCfg = Debug|x64
		{48000482-FD50-4FE7-879F-1B571FFC3372}.Debug|x64.Build.0 = Debug|x64
		{48000482-FD50-4FE7-879F-1B571FFC3372}.Debug|x86.ActiveCfg = Debug|Win32
		{48000482-FD50-4FE7-879F-1B571FFC3372}.Debug|x86.Build.0 = Debug|Win32
		{48000482-FD50-4FE7-879F-1B571FFC3372}.Release|Win32.ActiveCfg = Release|Win32
		{48000482-FD50-4FE7-879F-1B571FFC3372}.Release|Win32.Build.0 = Release|Win32
		{48000482-FD50-4FE7-879F-1B571FFC3372}.Release|x64.ActiveCfg = Release|x64
		{48000482-FD50-4FE7-879F-1B571FFC3372}.Release|x64.Build.0 = Release|x64
		{48000482-FD50-4FE7-879F-1B571FFC3372}.Release|x86.ActiveCfg = Release|Win32
		{48000482-FD50-4FE7-879F-1B571FFC3372}.Release|x86.Build.0 = Release|Win32
		{D7D6D9FB-CC50-4489-A04E-73B0C19D7C36}.Debug|Win32.ActiveCfg = Debug|Win32
		{D7D6D9FB-CC50-4489-A04E-73B0C19D7C36}.Debug|Win32.Build.0 = Debug|Win32
		{D7D6D9FB-CC50-4489-A04E-73B0C19D7C36}.Debug|x64.ActiveCfg = Debug|x64
		{D7D6D9FB-CC50-4489-A04E-73B0C19D7C36}.Debug|x64.Build.0 = Debug|x64
		{D7D6D9FB-CC50-4489-A04E-73B0C19D7C36}.Debug|x86.ActiveCfg = Debug|Win32
		{D7D6D9FB-CC50-4489-A04E-73B0C19D7C36}.Debug|x86.Build.0 = Debug|Win32
		{D7D6D9FB-CC50-4489-A04E-73B0C19D7C36}.Release|Win32.ActiveCfg = Release|Win32
		{D7D6D9FB-CC50-4489-A04E-73B0C19D7C36}.Release|Win32.Build.0 = Release|Win32
		{D7D6D9FB-CC50-4489-A04E-73B0C19D7C36}.Release|x64.ActiveCfg = Release|x64
		{D7D6D9FB-CC50-4489-A04E-73B0C19D7C36}.Release|x64.Build.0 = Release|x64
		{D7D6D9FB-CC50-4489-A04E-73B0C19D7C36}.Release|x86.ActiveCfg = Release|Win32
		{D7D6D9FB-CC50-4489-A04E-73B0C19D7C36}.Release|x86.Build.0 = Release|Win32
		{D5BF4CDC-CB42-45CC-8AD8-CF5858228625}.Debug|Win32.ActiveCfg = Debug|Win32
		{D5BF4CDC-CB42-45CC-8AD8-CF5858228625}.Debug|Win32.Build.0 = Debug|Win32
		{D5BF4CDC-CB42-45CC-8AD8-CF5858228625}.Debug|x64.ActiveCfg = Debug|x64
		{D5BF4CDC-CB42-45CC-8AD8-CF5858228625}.Debug|x64.Build.0 = Debug|x64
		{D5BF4CDC-CB42-45CC-8AD8-CF5858228625}.Debug|x86.ActiveCfg = Debug|Win32
		{D5BF4CDC-CB42-45CC-8AD8-CF5858228625}.Debug|x86.Build.0 = Debug|Win32
		{D5BF4CDC-CB42-45CC-8AD8-CF5858228625}.Release|Win32.ActiveCfg = Release|Win32
		{D5BF4CDC-CB42-45CC-8AD8-CF5858228625}.Release|Win32.Build.0 = Release|Win32
		{D5BF4CDC-CB42-45CC-8AD8-CF5858228625}.Release|x64.ActiveCfg = Release|x64
		{D5BF4CDC-CB42-45CC-8AD8-CF5858228625}.Release|x64.Build.0 = Release|x64
		{D5BF4CDC-CB42-45CC-8AD8-CF5858228625}.Release|x86.ActiveCfg = Release|Win32
		{D5BF4CDC-CB42-45CC-8AD8-CF5858228625}.Release|x86.Build.0 = Release|Win32
		{DD8957EB-A627-4A77-89AA-DC1438326C14}.Debug|Win32.ActiveCfg = Debug|Win32
		{DD8957EB-A627-4A77-89AA-DC1438326C14}.Debug|Win32.Build.0 = Debug|Win32
		{DD8957EB-A627-4A77-89AA-DC1438326C14}.Debug|x64.ActiveCfg = Debug|x64
		{DD8957EB-A627-4A77-89AA-DC1438326C14}.Debug|x64.Build.0 = Debug|x64
		{DD8957EB-A627-4A77-89AA-DC1438326C14}.Debug|x86.ActiveCfg = Debug|Win32
		{DD8957EB-A627-4A77-89AA-DC1438326C14}.Debug|x86.Build.0 = Debug|Win32
		{DD8957EB-A627-4A77-89AA-DC1438326C14}.Release|Win32.ActiveCfg = Release|Win32
		{DD8957EB-A627-4A77-89AA-DC1438326C14}.Release|Win32.Build.0 = Release|Win32
		{DD8957EB-A627-4A77-89AA-DC1438326C14}.Release|x64.ActiveCfg = Release|x64
		{DD8957EB-A627-4A77-89AA-DC1438326C14}.Release|x64.Build.0 = Release|x64
		{DD8957EB-A627-4A77-89AA-DC1438326C14}.Release|x86.ActiveCfg = Release|Win32
		{DD8957EB-A627-4A77-89AA-DC1438326C14}.Release|x86.Build.0 = Release|Win32
		{A318349D-1814-4023-A644-D0DC518F5645}.Debug|Win32.ActiveCfg = Debug|Win32
		{A318349D-1814-4023-A644-D0DC518F5645}.Debug|Win32.Build.0 = Debug|Win32
		{A318349D-1814-4023-A644-D0DC518F5645}.Debug|x64.ActiveCfg = Debug|x64
		{A318349D-1814-4023-A644-D0DC518F5645}.Debug|x64.Build.0 = Debug|x64
		{A318349D-1814-4023-A644-D0DC518F5645}.Debug|x86.ActiveCfg = Debug|Win32
		{A318349D-1814-4023-A644-D0DC518F5645}.Debug|x86.Build.0 = Debug|Win32
		{A318349D-1814-4023-A644-D0DC518F5645}.Release|Win32.ActiveCfg = Release|Win32
		{A318349D-1814-4023-A644-D0DC518F5645}.Release|Win32.Build.0 = Release|Win32
		{A318349D-1814-4023-A644-D0DC518F5645}.Release|x64.ActiveCfg = Release|x64
		{A318349D-1814-4023-A644-D0DC518F5645}.Release|x64.Build.0 = Release|x64
		{A318349D-1814-4023-A644-D0DC518F5645}.Release|x86.ActiveCfg = Release|Win32
		{A318349D-1814-4023-A644-D0DC518F5645}.Release|x86.Build.0 = Release|Win32
		{09CDB42F-2898-4C36-8AA6-5BE279DC937F}.Debug|Win32.ActiveCfg = Debug|Win32
		{09CDB42F-2898-4C36-8AA6-5BE279DC937F}.Debug|Win32.Build.0 = Debug|Win32
		{09CDB42F-2898-4C36-8AA6-5BE279DC937F}.Debug|x64.ActiveCfg = Debug|x64
		{09CDB42F-2898-4C36-8AA6-5BE279DC937F}.Debug|x64.Build.0 = Debug|x64
		{09CDB42F-2898-4C36-8AA6-5BE279DC937F}.Debug|x86.ActiveCfg = Debug|Win32
		{09CDB42F-2898-4C36-8AA6-5BE279DC937F}.Debug|x86.Build.0 = Debug|Win32
		{09CDB42F-2898-4C36-8AA6-5BE279DC937F}.Release|Win32.ActiveCfg = Release|Win32
		{09CDB42F-2898-4C36-8AA6-5BE279DC937F}.Release|Win32.Build.0 = Release|Win32
		{09CDB42F-2898-4C36-8AA6-5BE279DC937F}.Release|x64.ActiveCfg = Release|Win32
		{09CDB42F-2898-4C36-8AA6-5BE279DC937F}.Release|x86.ActiveCfg = Release|Win32
		{09CDB42F-2898-4C36-8AA6-5BE279DC937F}.Release|x86.Build.0 = Release|Win32
		{76D05346-0036-41F4-AF80-9F96654B12E2}.Debug|Win32.ActiveCfg = Debug|Win32
		{76D05346-0036-41F4-AF80-9F96654B12E2}.Debug|Win32.Build.0 = Debug|Win32
		{76D05346-0036-41F4-AF80-9F96654B12E2}.Debug|x64.ActiveCfg = Debug|x64
		{76D05346-0036-41F4-AF80-9F96654B12E2}.Debug|x64.Build.0 = Debug|x64
		{76D05346-0036-41F4-AF80-9F96654B12E2}.Debug|x86.ActiveCfg = Debug|Win32
		{76D05346-0036-41F4-AF80-9F96654B12E2}.Debug|x86.Build.0 = Debug|Win32
		{76D05346-0036-41F4-AF80-9F96654B12E2}.Release|Win32.ActiveCfg = Release|Win32
		{76D05346-0036-41F4-AF80-9F96654B12E2}.Release|Win32.Build.0 = Release|Win32
		{76D05346-0036-41F4-AF80-9F96654B12E2}.Release|x64.ActiveCfg = Release|x64
		{76D05346-0036-41F4-AF80-9F96654B12E2}.Release|x64.Build.0 = Release|x64
		{76D05346-0036-41F4-AF80-9F96654B12E2}.Release|x86.ActiveCfg = Release|Win32
		{76D05346-0036-41F4-AF80-9F96654B12E2}.Release|x86.Build.0 = Release|Win32
		{9A3C10BB-B490-4C9D-B3D6-0DF11F07CDE2}.Debug|Win32.ActiveCfg = Debug|Win32
		{9A3C10BB-B490-4C9D-B3D6-0DF11F07CDE2}.Debug|Win32.Build.0 = Debug|Win32
		{9A3C10BB-B490-4C9D-B3D6-0DF11F07CDE2}.Debug|x64.ActiveCfg = Debug|x64
		{9A3C10BB-B490-4C9D-B3D6-0DF11F07CDE2}.Debug|x64.Build.0 = Debug|x64
		{9A3C10BB-B490-4C9D-B3D6-0DF11F07CDE2}.Debug|x86.ActiveCfg = Debug|Win32
		{9A3C10BB-B490-4C9D-B3D6-0DF11F07CDE2}.Debug|x86.Build.0 = Debug|Win32
		{9A3C10BB-B490-4C9D-B3D6-0DF11F07CDE2}.Release|Win32.ActiveCfg = Release|Win32
		{9A3C10BB-B490-4C9D-B3D6-0DF11F07CDE2}.Release|Win32.Build.0 = Release|Win32
		{9A3C10BB-B490-4C9D-B3D6-0DF11F07CDE2}.Release|x64.ActiveCfg = Release|x64
		{9A3C10BB-B490-4C9D-B3D6-0DF11F07CDE2}.Release|x64.Build.0 = Release|x64
		{9A3C10BB-B490-4C9D-B3D6-0DF11F07CDE2}.Release|x86.ActiveCfg = Release|Win32
		{9A3C10BB-B490-4C9D-B3D6-0DF11F07CDE2}.Release|x86.Build.0 = Release|Win32
		{3D7D7568-09B5-4A04-8303-B93437A3AE4F}.Debug|Win32.ActiveCfg = Debug|Win32
		{3D7D7568-09B5-4A04-8303-B93437A3AE4F}.Debug|Win32.Build.0 = Debug|Win32
		{3D7D7568-09B5-4A04-8303-B93437A3AE4F}.Debug|x64.ActiveCfg = Debug|x64
		{3D7D7568-09B5-4A04-8303-B93437A3AE4F}.Debug|x64.Build.0 = Debug|x64
		{3D7D7568-09B5-4A04-8303-B93437A3AE4F}.Debug|x86.ActiveCfg = Debug|Win32
		{3D7D7568-09B5-4A04-8303-B93437A3AE4F}.Debug|x86.Build.0 = Debug|Win32
		{3D7D7568-09B5-4A04-8303-B93437A3AE4F}.Release|Win32.ActiveCfg = Release|Win32
		{3D7D7568-09B5-4A04-8303-B93437A3AE4F}.Release|Win32.Build.0 = Release|Win32
		{3D7D7568-09B5-4A04-8303-B93437A3AE4F}.Release|x64.ActiveCfg = Release|x64
		{3D7D7568-09B5-4A04-8303-B93437A3AE4F}.Release|x64.Build.0 = Release|x64
		{3D7D7568-09B5-4A04-8303-B93437A3AE4F}.Release|x86.ActiveCfg = Release|Win32
		{3D7D7568-09B5-4A04-8303-B93437A3AE4F}.Release|x86.Build.0 = Release|Win32
		{AB068813-8593-4558-B437-B6D0A2F23BD3}.Debug|Win32.ActiveCfg = Debug|Win32
		{AB068813-8593-4558-B437-B6D0A2F23BD3}.Debug|Win32.Build.0 = Debug|Win32
		{AB068813-8593-4558-B437-B6D0A2F23BD3}.Debug|x64.ActiveCfg = Debug|x64
		{AB068813-8593-4558-B437-B6D0A2F23BD3}.Debug|x64.Build.0 = Debug|x64
		{AB068813-8593-4558-B437-B6D0A2F23BD3}.Debug|x86.ActiveCfg = Debug|Win32
		{AB068813-8593-4558-B437-B6D0A2F23BD3}.Debug|x86.Build.0 = Debug|Win32
		{AB068813-8593-4558-B437-B6D0A2F23BD3}.Release|Win32.ActiveCfg = Release|Win32
		{AB068813-8593-4558-B437-B6D0A2F23BD3}.Release|Win32.Build.0 = Release|Win32
		{AB068813-8593-4558-B437-B6D0A2F23BD3}.Release|x64.ActiveCfg = Release|Win32
		{AB068813-8593-4558-B437-B6D0A2F23BD3}.Release|x86.ActiveCfg = Release|Win32
		{AB068813-8593-4558-B437-B6D0A2F23BD3}.Release|x86.Build.0 = Release|Win32
		{A9B99F2F-C30A-418E-AD93-D54FE5033EC1}.Debug|Win32.ActiveCfg = Debug|Win32
		{A9B99F2F-C30A-418E-AD93-D54FE5033EC1}.Debug|Win32.Build.0 = Debug|Win32
		{A9B99F2F-C30A-418E-AD93-D54FE5033EC1}.Debug|x64.ActiveCfg = Debug|x64
		{A9B99F2F-C30A-418E-AD93-D54FE5033EC1}.Debug|x64.Build.0 = Debug|x64
		{A9B99F2F-C30A-418E-AD93-D54FE5033EC1}.Debug|x86.ActiveCfg = Debug|Win32
		{A9B99F2F-C30A-418E-AD93-D54FE5033EC1}.Debug|x86.Build.0 = Debug|Win32
		{A9B99F2F-C30A-418E-AD93-D54FE5033EC1}.Release|Win32.ActiveCfg = Release|Win32
		{A9B99F2F-C30A-418E-AD93-D54FE5033EC1}.Release|Win32.Build.0 = Release|Win32
		{A9B99F2F-C30A-418E-AD93-D54FE5033EC1}.Release|x64.ActiveCfg = Release|x64
		{A9B99F2F-C30A-418E-AD93-D54FE5033EC1}.Release|x64.Build.0 = Release|x64
		{A9B99F2F-C30A-418E-AD93-D54FE5033EC1}.Release|x86.ActiveCfg = Release|Win32
		{A9B99F2F-C30A-418E-AD93-D54FE5033EC1}.Release|x86.Build.0 = Release|Win32
		{931C8B0C-C441-4E37-8E1C-523D54413218}.Debug|Win32.ActiveCfg = Debug|Win32
		{931C8B0C-C441-4E37-8E1C-523D54413218}.Debug|Win32.Build.0 = Debug|Win32
		{931C8B0C-C441-4E37-8E1C-523D54413218}.Debug|x64.ActiveCfg = Debug|x64
		{931C8B0C-C441-4E37-8E1C-523D54413218}.Debug|x64.Build.0 = Debug|x64
		{931C8B0C-C441-4E37-8E1C-523D54413218}.Debug|x86.ActiveCfg = Debug|Win32
		{931C8B0C-C441-4E37-8E1C-523D54413218}.Debug|x86.Build.0 = Debug|Win32
		{931C8B0C-C441-4E37-8E1C-523D54413218}.Release|Win32.ActiveCfg = Release|Win32
		{931C8B0C-C441-4E37-8E1C-523D54413218}.Release|Win32.Build.0 = Release|Win32
		{931C8B0C-C441-4E37-8E1C-523D54413218}.Release|x64.ActiveCfg = Release|Win32
		{931C8B0C-C441-4E37-8E1C-523D54413218}.Release|x86.ActiveCfg = Release|Win32
		{931C8B0C-C441-4E37-8E1C-523D54413218}.Release|x86.Build.0 = Release|Win32
		{F3B08722-09A9-4A29-9D1E-311920DE4F83}.Debug|Win32.ActiveCfg = Debug|Win32
		{F3B08722-09A9-4A29-9D1E-311920DE4F83}.Debug|Win32.Build.0 = Debug|Win32
		{F3B08722-09A9-4A29-9D1E-311920DE4F83}.Debug|x64.ActiveCfg = Debug|x64
		{F3B08722-09A9-4A29-9D1E-311920DE4F83}.Debug|x64.Build.0 = Debug|x64
		{F3B08722-09A9-4A29-9D1E-311920DE4F83}.Debug|x86.ActiveCfg = Debug|Win32
		{F3B08722-09A9-4A29-9D1E-311920DE4F83}.Debug|x86.Build.0 = Debug|Win32
		{F3B08722-09A9-4A29-9D1E-311920DE4F83}.Release|Win32.ActiveCfg = Release|Win32
		{F3B08722-09A9-4A29-9D1E-311920DE4F83}.Release|Win32.Build.0 = Release|Win32
		{F3B08722-09A9-4A29-9D1E-311920DE4F83}.Release|x64.ActiveCfg = Release|x64
		{F3B08722-09A9-4A29-9D1E-311920DE4F83}.Release|x64.Build.0 = Release|x64
		{F3B08722-09A9-4A29-9D1E-311920DE4F83}.Release|x86.ActiveCfg = Release|Win32
		{F3B08722-09A9-4A29-9D1E-311920DE4F83}.Release|x86.Build.0 = Release|Win32
		{5938CE22-AFCD-49D1-8ABB-060677E87B9C}.Debug|Win32.ActiveCfg = Debug|Win32
		{5938CE22-AFCD-49D1-8ABB-060677E87B9C}.Debug|Win32.Build.0 = Debug|Win32
		{5938CE22-AFCD-49D1-8ABB-060677E87B9C}.Debug|x64.ActiveCfg = Debug|x64
		{5938CE22-AFCD-49D1-8ABB-060677E87B9C}.Debug|x64.Build.0 = Debug|x64
		{5938CE22-AFCD-49D1-8ABB-060677E87B9C}.Debug|x86.ActiveCfg = Debug|Win32
		{5938CE22-AFCD-49D1-8ABB-060677E87B9C}.Debug|x86.Build.0 = Debug|Win32
		{5938CE22-AFCD-49D1-8ABB-060677E87B9C}.Release|Win32.ActiveCfg = Release|Win32
		{5938CE22-AFCD-49D1-8ABB-060677E87B9C}.Release|Win32.Build.0 = Release|Win32
		{5938CE22-AFCD-49D1-8ABB-060677E87B9C}.Release|x64.ActiveCfg = Release|x64
		{5938CE22-AFCD-49D1-8ABB-060677E87B9C}.Release|x64.Build.0 = Release|x64
		{5938CE22-AFCD-49D1-8ABB-060677E87B9C}.Release|x86.ActiveCfg = Release|Win32
		{5938CE22-AFCD-49D1-8ABB-060677E87B9C}.Release|x86.Build.0 = Release|Win32
		{0A619CE5-EB96-4BBB-BEB4-BFF687050A72}.Debug|Win32.ActiveCfg = Debug|Win32
		{0A619CE5-EB96-4BBB-BEB4-BFF687050A72}.Debug|Win32.Build.0 = Debug|Win32
		{0A619CE5-EB96-4BBB-BEB4-BFF687050A72}.Debug|x64.ActiveCfg = Debug|x64
		{0A619CE5-EB96-4BBB-BEB4-BFF687050A72}.Debug|x64.Build.0 = Debug|x64
		{0A619CE5-EB96-4BBB-BEB4-BFF687050A72}.Debug|x86.ActiveCfg = Debug|Win32
		{0A619CE5-EB96-4BBB-BEB4-BFF687050A72}.Debug|x86.Build.0 = Debug|Win32
		{0A619CE5-EB96-4BBB-BEB4-BFF687050A72}.Release|Win32.ActiveCfg = Release|Win32
		{0A619CE5-EB96-4BBB-BEB4-BFF687050A72}.Release|Win32.Build.0 = Release|Win32
		{0A619CE5-EB96-4BBB-BEB4-BFF687050A72}.Release|x64.ActiveCfg = Release|x64
		{0A619CE5-EB96-4BBB-BEB4-BFF687050A72}.Release|x64.Build.0 = Release|x64
		{0A619CE5-EB96-4BBB-BEB4-BFF687050A72}.Release|x86.ActiveCfg = Release|Win32
		{0A619CE5-EB96-4BBB-BEB4-BFF687050A72}.Release|x86.Build.0 = Release|Win32
		{F7A097CB-3447-402A-A3C3-09550CA9BBE2}.Debug|Win32.ActiveCfg = Debug|Win32
		{F7A097CB-3447-402A-A3C3-09550CA9BBE2}.Debug|Win32.Build.0 = Debug|Win32
		{F7A097CB-3447-402A-A3C3-09550CA9BBE2}.Debug|x64.ActiveCfg = Debug|x64
		{F7A097CB-3447-402A-A3C3-09550CA9BBE2}.Debug|x86.ActiveCfg = Debug|Win32
		{F7A097CB-3447-402A-A3C3-09550CA9BBE2}.Debug|x86.Build.0 = Debug|Win32
		{F7A097CB-3447-402A-A3C3-09550CA9BBE2}.Release|Win32.ActiveCfg = Release|Win32
		{F7A097CB-3447-402A-A3C3-09550CA9BBE2}.Release|Win32.Build.0 = Release|Win32
		{F7A097CB-3447-402A-A3C3-09550CA9BBE2}.Release|x64.ActiveCfg = Release|Win32
		{F7A097CB-3447-402A-A3C3-09550CA9BBE2}.Release|x86.ActiveCfg = Release|Win32
		{F7A097CB-3447-402A-A3C3-09550CA9BBE2}.Release|x86.Build.0 = Release|Win32
		{649CA2F1-AB54-4238-B503-DD0D367468F4}.Debug|Win32.ActiveCfg = Debug|Win32
		{649CA2F1-AB54-4238-B503-DD0D367468F4}.Debug|Win32.Build.0 = Debug|Win32
		{649CA2F1-AB54-4238-B503-DD0D367468F4}.Debug|x64.ActiveCfg = Debug|x64
		{649CA2F1-AB54-4238-B503-DD0D367468F4}.Debug|x64.Build.0 = Debug|x64
		{649CA2F1-AB54-4238-B503-DD0D367468F4}.Debug|x86.ActiveCfg = Debug|Win32
		{649CA2F1-AB54-4238-B503-DD0D367468F4}.Debug|x86.Build.0 = Debug|Win32
		{649CA2F1-AB54-4238-B503-DD0D367468F4}.Release|Win32.ActiveCfg = Release|Win32
		{649CA2F1-AB54-4238-B503-DD0D367468F4}.Release|Win32.Build.0 = Release|Win32
		{649CA2F1-AB54-4238-B503-DD0D367468F4}.Release|x64.ActiveCfg = Release|x64
		{649CA2F1-AB54-4238-B503-DD0D367468F4}.Release|x64.Build.0 = Release|x64
		{649CA2F1-AB54-4238-B503-DD0D367468F4}.Release|x86.ActiveCfg = Release|Win32
		{649CA2F1-AB54-4238-B503-DD0D367468F4}.Release|x86.Build.0 = Release|Win32
		{41367A48-09D4-42F0-B0F2-B5D1A2F06207}.Debug|Win32.ActiveCfg = Debug|Win32
		{41367A48-09D4-42F0-B0F2-B5D1A2F06207}.Debug|Win32.Build.0 = Debug|Win32
		{41367A48-09D4-42F0-B0F2-B5D1A2F06207}.Debug|x64.ActiveCfg = Debug|Win32
		{41367A48-09D4-42F0-B0F2-B5D1A2F06207}.Debug|x86.ActiveCfg = Debug|Win32
		{41367A48-09D4-42F0-B0F2-B5D1A2F06207}.Debug|x86.Build.0 = Debug|Win32
		{41367A48-09D4-42F0-B0F2-B5D1A2F06207}.Release|Win32.ActiveCfg = Release|Win32
		{41367A48-09D4-42F0-B0F2-B5D1A2F06207}.Release|Win32.Build.0 = Release|Win32
		{41367A48-09D4-42F0-B0F2-B5D1A2F06207}.Release|x64.ActiveCfg = Release|Win32
		{41367A48-09D4-42F0-B0F2-B5D1A2F06207}.Release|x86.ActiveCfg = Release|Win32
		{41367A48-09D4-42F0-B0F2-B5D1A2F06207}.Release|x86.Build.0 = Release|Win32
		{876A00F2-1D84-457E-8C54-811F474F7A09}.Debug|Win32.ActiveCfg = Debug|Win32
		{876A00F2-1D84-457E-8C54-811F474F7A09}.Debug|Win32.Build.0 = Debug|Win32
		{876A00F2-1D84-457E-8C54-811F474F7A09}.Debug|x64.ActiveCfg = Debug|x64
		{876A00F2-1D84-457E-8C54-811F474F7A09}.Debug|x64.Build.0 = Debug|x64
		{876A00F2-1D84-457E-8C54-811F474F7A09}.Debug|x86.ActiveCfg = Debug|Win32
		{876A00F2-1D84-457E-8C54-811F474F7A09}.Debug|x86.Build.0 = Debug|Win32
		{876A00F2-1D84-457E-8C54-811F474F7A09}.Release|Win32.ActiveCfg = Release|Win32
		{876A00F2-1D84-457E-8C54-811F474F7A09}.Release|Win32.Build.0 = Release|Win32
		{876A00F2-1D84-457E-8C54-811F474F7A09}.Release|x64.ActiveCfg = Release|x64
		{876A00F2-1D84-457E-8C54-811F474F7A09}.Release|x64.Build.0 = Release|x64
		{876A00F2-1D84-457E-8C54-811F474F7A09}.Release|x86.ActiveCfg = Release|Win32
		{876A00F2-1D84-457E-8C54-811F474F7A09}.Release|x86.Build.0 = Release|Win32
		{D6AEC3FB-F3CD-4432-B1CA-FEF778601CD2}.Debug|Win32.ActiveCfg = Debug|Win32
		{D6AEC3FB-F3CD-4432-B1CA-FEF778601CD2}.Debug|Win32.Build.0 = Debug|Win32
		{D6AEC3FB-F3CD-4432-B1CA-FEF778601CD2}.Debug|x64.ActiveCfg = Debug|x64
		{D6AEC3FB-F3CD-4432-B1CA-FEF778601CD2}.Debug|x64.Build.0 = Debug|x64
		{D6AEC3FB-F3CD-4432-B1CA-FEF778601CD2}.Debug|x86.ActiveCfg = Debug|Win32
		{D6AEC3FB-F3CD-4432-B1CA-FEF778601CD2}.Debug|x86.Build.0 = Debug|Win32
		{D6AEC3FB-F3CD-4432-B1CA-FEF778601CD2}.Release|Win32.ActiveCfg = Release|Win32
		{D6AEC3FB-F3CD-4432-B1CA-FEF778601CD2}.Release|Win32.Build.0 = Release|Win32
		{D6AEC3FB-F3CD-4432-B1CA-FEF778601CD2}.Release|x64.ActiveCfg = Release|x64
		{D6AEC3FB-F3CD-4432-B1CA-FEF778601CD2}.Release|x64.Build.0 = Release|x64
		{D6AEC3FB-F3CD-4432-B1CA-FEF778601CD2}.Release|x86.ActiveCfg = Release|Win32
		{D6AEC3FB-F3CD-4432-B1CA-FEF778601CD2}.Release|x86.Build.0 = Release|Win32
		{90C41888-7681-4173-9C39-E4CBCCDA1980}.Debug|Win32.ActiveCfg = Debug|Win32
		{90C41888-7681-4173-9C39-E4CBCCDA1980}.Debug|Win32.Build.0 = Debug|Win32
		{90C41888-7681-4173-9C39-E4CBCCDA1980}.Debug|x64.ActiveCfg = Debug|x64
		{90C41888-7681-4173-9C39-E4CBCCDA1980}.Debug|x64.Build.0 = Debug|x64
		{90C41888-7681-4173-9C39-E4CBCCDA1980}.Debug|x86.ActiveCfg = Debug|Win32
		{90C41888-7681-4173-9C39-E4CBCCDA1980}.Debug|x86.Build.0 = Debug|Win32
		{90C41888-7681-4173-9C39-E4CBCCDA1980}.Release|Win32.ActiveCfg = Release|Win32
		{90C41888-7681-4173-9C39-E4CBCCDA1980}.Release|Win32.Build.0 = Release|Win32
		{90C41888-7681-4173-9C39-E4CBCCDA1980}.Release|x64.ActiveCfg = Release|x64
		{90C41888-7681-4173-9C39-E4CBCCDA1980}.Release|x64.Build.0 = Release|x64
		{90C41888-7681-4173-9C39-E4CBCCDA1980}.Release|x86.ActiveCfg = Release|Win32
		{90C41888-7681-4173-9C39-E4CBCCDA1980}.Release|x86.Build.0 = Release|Win32
		{66444F9F-58EE-495B-8489-C4F617052F4F}.Debug|Win32.ActiveCfg = Debug|Win32
		{66444F9F-58EE-495B-8489-C4F617052F4F}.Debug|Win32.Build.0 = Debug|Win32
		{66444F9F-58EE-495B-8489-C4F617052F4F}.Debug|x64.ActiveCfg = Debug|x64
		{66444F9F-58EE-495B-8489-C4F617052F4F}.Debug|x64.Build.0 = Debug|x64
		{66444F9F-58EE-495B-8489-C4F617052F4F}.Debug|x86.ActiveCfg = Debug|Win32
		{66444F9F-58EE-495B-8489-C4F617052F4F}.Debug|x86.Build.0 = Debug|Win32
		{66444F9F-58EE-495B-8489-C4F617052F4F}.Release|Win32.ActiveCfg = Release|Win32
		{66444F9F-58EE-495B-8489-C4F617052F4F}.Release|Win32.Build.0 = Release|Win32
		{66444F9F-58EE-495B-8489-C4F617052F4F}.Release|x64.ActiveCfg = Release|x64
		{66444F9F-58EE-495B-8489-C4F617052F4F}.Release|x64.Build.0 = Release|x64
		{66444F9F-58EE-495B-8489-C4F617052F4F}.Release|x86.ActiveCfg = Release|Win32
		{66444F9F-58EE-495B-8489-C4F617052F4F}.Release|x86.Build.0 = Release|Win32
		{DB759019-7741-4538-AB0F-0B1BEC63713E}.Debug|Win32.ActiveCfg = Debug|Win32
		{DB759019-7741-4538-AB0F-0B1BEC63713E}.Debug|Win32.Build.0 = Debug|Win32
		{DB759019-7741-4538-AB0F-0B1BEC63713E}.Debug|x64.ActiveCfg = Debug|x64
		{DB759019-7741-4538-AB0F-0B1BEC63713E}.Debug|x64.Build.0 = Debug|x64
		{DB759019-7741-4538-AB0F-0B1BEC63713E}.Debug|x86.ActiveCfg = Debug|Win32
		{DB759019-7741-4538-AB0F-0B1BEC63713E}.Debug|x86.Build.0 = Debug|Win32
		{DB759019-7741-4538-AB0F-0B1BEC63713E}.Release|Win32.ActiveCfg = Release|Win32
		{DB759019-7741-4538-AB0F-0B1BEC63713E}.Release|Win32.Build.0 = Release|Win32
		{DB759019-7741-4538-AB0F-0B1BEC63713E}.Release|x64.ActiveCfg = Release|x64
		{DB759019-7741-4538-AB0F-0B1BEC63713E}.Release|x64.Build.0 = Release|x64
		{DB759019-7741-4538-AB0F-0B1BEC63713E}.Release|x86.ActiveCfg = Release|Win32
		{DB759019-7741-4538-AB0F-0B1BEC63713E}.Release|x86.Build.0 = Release|Win32
		{5D1A57B2-B637-4BDA-87C7-D0676F45DC2A}.Debug|Win32.ActiveCfg = Debug|Win32
		{5D1A57B2-B637-4BDA-87C7-D0676F45DC2A}.Debug|Win32.Build.0 = Debug|Win32
		{5D1A57B2-B637-4BDA-87C7-D0676F45DC2A}.Debug|x64.ActiveCfg = Debug|x64
		{5D1A57B2-B637-4BDA-87C7-D0676F45DC2A}.Debug|x64.Build.0 = Debug|x64
		{5D1A57B2-B637-4BDA-87C7-D0676F45DC2A}.Debug|x86.ActiveCfg = Debug|Win32
		{5D1A57B2-B637-4BDA-87C7-D0676F45DC2A}.Debug|x86.Build.0 = Debug|Win32
		{5D1A57B2-B637-4BDA-87C7-D0676F45DC2A}.Release|Win32.ActiveCfg = Release|Win32
		{5D1A57B2-B637-4BDA-87C7-D0676F45DC2A}.Release|Win32.Build.0 = Release|Win32
		{5D1A57B2-B637-4BDA-87C7-D0676F45DC2A}.Release|x64.ActiveCfg = Release|x64
		{5D1A57B2-B637-4BDA-87C7-D0676F45DC2A}.Release|x64.Build.0 = Release|x64
		{5D1A57B2-B637-4BDA-87C7-D0676F45DC2A}.Release|x86.ActiveCfg = Release|Win32
		{5D1A57B2-B637-4BDA-87C7-D0676F45DC2A}.Release|x86.Build.0 = Release|Win32
		{EADC64AF-BD39-4D4B-AD15-DBA17971AC37}.Debug|Win32.ActiveCfg = Debug|Win32
		{EADC64AF-BD39-4D4B-AD15-DBA17971AC37}.Debug|Win32.Build.0 = Debug|Win32
		{EADC64AF-BD39-4D4B-AD15-DBA17971AC37}.Debug|x64.ActiveCfg = Debug|x64
		{EADC64AF-BD39-4D4B-AD15-DBA17971AC37}.Debug|x64.Build.0 = Debug|x64
		{EADC64AF-BD39-4D4B-AD15-DBA17971AC37}.Debug|x86.ActiveCfg = Debug|Win32
		{EADC64AF-BD39-4D4B-AD15-DBA17971AC37}.Debug|x86.Build.0 = Debug|Win32
		{EADC64AF-BD39-4D4B-AD15-DBA17971AC37}.Release|Win32.ActiveCfg = Release|Win32
		{EADC64AF-BD39-4D4B-AD15-DBA17971AC37}.Release|Win32.Build.0 = Release|Win32
		{EADC64AF-BD39-4D4B-AD15-DBA17971AC37}.Release|x64.ActiveCfg = Release|x64
		{EADC64AF-BD39-4D4B-AD15-DBA17971AC37}.Release|x64.Build.0 = Release|x64
		{EADC64AF-BD39-4D4B-AD15-DBA17971AC37}.Release|x86.ActiveCfg = Release|Win32
		{EADC64AF-BD39-4D4B-AD15-DBA17971AC37}.Release|x86.Build.0 = Release|Win32
		{A200E387-5753-4C04-AF98-712910636D60}.Debug|Win32.ActiveCfg = Debug|Win32
		{A200E387-5753-4C04-AF98-712910636D60}.Debug|Win32.Build.0 = Debug|Win32
		{A200E387-5753-4C04-AF98-712910636D60}.Debug|x64.ActiveCfg = Debug|x64
		{A200E387-5753-4C04-AF98-712910636D60}.Debug|x64.Build.0 = Debug|x64
		{A200E387-5753-4C04-AF98-712910636D60}.Debug|x86.ActiveCfg = Debug|Win32
		{A200E387-5753-4C04-AF98-712910636D60}.Debug|x86.Build.0 = Debug|Win32
		{A200E387-5753-4C04-AF98-712910636D60}.Release|Win32.ActiveCfg = Release|Win32
		{A200E387-5753-4C04-AF98-712910636D60}.Release|Win32.Build.0 = Release|Win32
		{A200E387-5753-4C04-AF98-712910636D60}.Release|x64.ActiveCfg = Release|x64
		{A200E387-5753-4C04-AF98-712910636D60}.Release|x64.Build.0 = Release|x64
		{A200E387-5753-4C04-AF98-712910636D60}.Release|x86.ActiveCfg = Release|Win32
		{A200E387-5753-4C04-AF98-712910636D60}.Release|x86.Build.0 = Release|Win32
		{12EDBABE-204F-4212-BA71-006E9A384CAB}.Debug|Win32.ActiveCfg = Debug|Win32
		{12EDBABE-204F-4212-BA71-006E9A384CAB}.Debug|Win32.Build.0 = Debug|Win32
		{12EDBABE-204F-4212-BA71-006E9A384CAB}.Debug|x64.ActiveCfg = Debug|x64
		{12EDBABE-204F-4212-BA71-006E9A384CAB}.Debug|x64.Build.0 = Debug|x64
		{12EDBABE-204F-4212-BA71-006E9A384CAB}.Debug|x86.ActiveCfg = Debug|Win32
		{12EDBABE-204F-4212-BA71-006E9A384CAB}.Debug|x86.Build.0 = Debug|Win32
		{12EDBABE-204F-4212-BA71-006E9A384CAB}.Release|Win32.ActiveCfg = Release|Win32
		{12EDBABE-204F-4212-BA71-006E9A384CAB}.Release|Win32.Build.0 = Release|Win32
		{12EDBABE-204F-4212-BA71-006E9A384CAB}.Release|x64.ActiveCfg = Release|x64
		{12EDBABE-204F-4212-BA71-006E9A384CAB}.Release|x64.Build.0 = Release|x64
		{12EDBABE-204F-4212-BA71-006E9A384CAB}.Release|x86.ActiveCfg = Release|Win32
		{12EDBABE-204F-4212-BA71-006E9A384CAB}.Release|x86.Build.0 = Release|Win32
		{29988FA6-516F-4BF6-8A5A-764DA2590B3B}.Debug|Win32.ActiveCfg = Debug|Win32
		{29988FA6-516F-4BF6-8A5A-764DA2590B3B}.Debug|Win32.Build.0 = Debug|Win32
		{29988FA6-516F-4BF6-8A5A-764DA2590B3B}.Debug|x64.ActiveCfg = Debug|x64
		{29988FA6-516F-4BF6-8A5A-764DA2590B3B}.Debug|x64.Build.0 = Debug|x64
		{29988FA6-516F-4BF6-8A5A-764DA2590B3B}.Debug|x86.ActiveCfg = Debug|Win32
		{29988FA6-516F-4BF6-8A5A-764DA2590B3B}.Debug|x86.Build.0 = Debug|Win32
		{29988FA6-516F-4BF6-8A5A-764DA2590B3B}.Release|Win32.ActiveCfg = Release|Win32
		{29988FA6-516F-4BF6-8A5A-764DA2590B3B}.Release|Win32.Build.0 = Release|Win32
		{29988FA6-516F-4BF6-8A5A-764DA2590B3B}.Release|x64.ActiveCfg = Release|x64
		{29988FA6-516F-4BF6-8A5A-764DA2590B3B}.Release|x64.Build.0 = Release|x64
		{29988FA6-516F-4BF6-8A5A-764DA2590B3B}.Release|x86.ActiveCfg = Release|Win32
		{29988FA6-516F-4BF6-8A5A-764DA2590B3B}.Release|x86.Build.0 = Release|Win32
		{05CE22E8-D1D2-430B-9223-EFD9AAE2EDF4}.Debug|Win32.ActiveCfg = Debug|Win32
		{05CE22E8-D1D2-430B-9223-EFD9AAE2EDF4}.Debug|Win32.Build.0 = Debug|Win32
		{05CE22E8-D1D2-430B-9223-EFD9AAE2EDF4}.Debug|x64.ActiveCfg = Debug|x64
		{05CE22E8-D1D2-430B-9223-EFD9AAE2EDF4}.Debug|x64.Build.0 = Debug|x64
		{05CE22E8-D1D2-430B-9223-EFD9AAE2EDF4}.Debug|x86.ActiveCfg = Debug|Win32
		{05CE22E8-D1D2-430B-9223-EFD9AAE2EDF4}.Debug|x86.Build.0 = Debug|Win32
		{05CE22E8-D1D2-430B-9223-EFD9AAE2EDF4}.Release|Win32.ActiveCfg = Release|Win32
		{05CE22E8-D1D2-430B-9223-EFD9AAE2EDF4}.Release|Win32.Build.0 = Release|Win32
		{05CE22E8-D1D2-430B-9223-EFD9AAE2EDF4}.Release|x64.ActiveCfg = Release|x64
		{05CE22E8-D1D2-430B-9223-EFD9AAE2EDF4}.Release|x64.Build.0 = Release|x64
		{05CE22E8-D1D2-430B-9223-EFD9AAE2EDF4}.Release|x86.ActiveCfg = Release|Win32
		{05CE22E8-D1D2-430B-9223-EFD9AAE2EDF4}.Release|x86.Build.0 = Release|Win32
		{59F74CC8-D02E-4723-896E-04F29EC5E225}.Debug|Win32.ActiveCfg = Debug|Win32
		{59F74CC8-D02E-4723-896E-04F29EC5E225}.Debug|Win32.Build.0 = Debug|Win32
		{59F74CC8-D02E-4723-896E-04F29EC5E225}.Debug|x64.ActiveCfg = Debug|Win32
		{59F74CC8-D02E-4723-896E-04F29EC5E225}.Debug|x86.ActiveCfg = Debug|Win32
		{59F74CC8-D02E-4723-896E-04F29EC5E225}.Debug|x86.Build.0 = Debug|Win32
		{59F74CC8-D02E-4723-896E-04F29EC5E225}.Release|Win32.ActiveCfg = Release|Win32
		{59F74CC8-D02E-4723-896E-04F29EC5E225}.Release|Win32.Build.0 = Release|Win32
		{59F74CC8-D02E-4723-896E-04F29EC5E225}.Release|x64.ActiveCfg = Release|Win32
		{59F74CC8-D02E-4723-896E-04F29EC5E225}.Release|x86.ActiveCfg = Release|Win32
		{59F74CC8-D02E-4723-896E-04F29EC5E225}.Release|x86.Build.0 = Release|Win32
		{32E50C07-BC00-4DF6-9D69-664B0E538A3C}.Debug|Win32.ActiveCfg = Debug|Win32
		{32E50C07-BC00-4DF6-9D69-664B0E538A3C}.Debug|Win32.Build.0 = Debug|Win32
		{32E50C07-BC00-4DF6-9D69-664B0E538A3C}.Debug|x64.ActiveCfg = Debug|x64
		{32E50C07-BC00-4DF6-9D69-664B0E538A3C}.Debug|x64.Build.0 = Debug|x64
		{32E50C07-BC00-4DF6-9D69-664B0E538A3C}.Debug|x86.ActiveCfg = Debug|Win32
		{32E50C07-BC00-4DF6-9D69-664B0E538A3C}.Debug|x86.Build.0 = Debug|Win32
		{32E50C07-BC00-4DF6-9D69-664B0E538A3C}.Release|Win32.ActiveCfg = Release|Win32
		{32E50C07-BC00-4DF6-9D69-664B0E538A3C}.Release|Win32.Build.0 = Release|Win32
		{32E50C07-BC00-4DF6-9D69-664B0E538A3C}.Release|x64.ActiveCfg = Release|x64
		{32E50C07-BC00-4DF6-9D69-664B0E538A3C}.Release|x64.Build.0 = Release|x64
		{32E50C07-BC00-4DF6-9D69-664B0E538A3C}.Release|x86.ActiveCfg = Release|Win32
		{32E50C07-BC00-4DF6-9D69-664B0E538A3C}.Release|x86.Build.0 = Release|Win32
		{639917D6-2880-4C36-82CF-A92024C89629}.Debug|Win32.ActiveCfg = Debug|Win32
		{639917D6-2880-4C36-82CF-A92024C89629}.Debug|Win32.Build.0 = Debug|Win32
		{639917D6-2880-4C36-82CF-A92024C89629}.Debug|x64.ActiveCfg = Debug|x64
		{639917D6-2880-4C36-82CF-A92024C89629}.Debug|x64.Build.0 = Debug|x64
		{639917D6-2880-4C36-82CF-A92024C89629}.Debug|x86.ActiveCfg = Debug|Win32
		{639917D6-2880-4C36-82CF-A92024C89629}.Debug|x86.Build.0 = Debug|Win32
		{639917D6-2880-4C36-82CF-A92024C89629}.Release|Win32.ActiveCfg = Release|Win32
		{639917D6-2880-4C36-82CF-A92024C89629}.Release|Win32.Build.0 = Release|Win32
		{639917D6-2880-4C36-82CF-A92024C89629}.Release|x64.ActiveCfg = Release|x64
		{639917D6-2880-4C36-82CF-A92024C89629}.Release|x64.Build.0 = Release|x64
		{639917D6-2880-4C36-82CF-A92024C89629}.Release|x86.ActiveCfg = Release|Win32
		{639917D6-2880-4C36-82CF-A92024C89629}.Release|x86.Build.0 = Release|Win32
		{0540A316-A2F3-498B-A39B-736F3E345059}.Debug|Win32.ActiveCfg = Debug|Win32
		{0540A316-A2F3-498B-A39B-736F3E345059}.Debug|Win32.Build.0 = Debug|Win32
		{0540A316-A2F3-498B-A39B-736F3E345059}.Debug|x64.ActiveCfg = Debug|x64
		{0540A316-A2F3-498B-A39B-736F3E345059}.Debug|x64.Build.0 = Debug|x64
		{0540A316-A2F3-498B-A39B-736F3E345059}.Debug|x86.ActiveCfg = Debug|Win32
		{0540A316-A2F3-498B-A39B-736F3E345059}.Debug|x86.Build.0 = Debug|Win32
		{0540A316-A2F3-498B-A39B-736F3E345059}.Release|Win32.ActiveCfg = Release|Win32
		{0540A316-A2F3-498B-A39B-736F3E345059}.Release|Win32.Build.0 = Release|Win32
		{0540A316-A2F3-498B-A39B-736F3E345059}.Release|x64.ActiveCfg = Release|x64
		{0540A316-A2F3-498B-A39B-736F3E345059}.Release|x64.Build.0 = Release|x64
		{0540A316-A2F3-498B-A39B-736F3E345059}.Release|x86.ActiveCfg = Release|Win32
		{0540A316-A2F3-498B-A39B-736F3E345059}.Release|x86.Build.0 = Release|Win32
		{134A8C3A-69A3-4A31-A3A5-9E04B3C43158}.Debug|Win32.ActiveCfg = Debug|Win32
		{134A8C3A-69A3-4A31-A3A5-9E04B3C43158}.Debug|Win32.Build.0 = Debug|Win32
		{134A8C3A-69A3-4A31-A3A5-9E04B3C43158}.Debug|x64.ActiveCfg = Debug|x64
		{134A8C3A-69A3-4A31-A3A5-9E04B3C43158}.Debug|x64.Build.0 = Debug|x64
		{134A8C3A-69A3-4A31-A3A5-9E04B3C43158}.Debug|x86.ActiveCfg = Debug|Win32
		{134A8C3A-69A3-4A31-A3A5-9E04B3C43158}.Debug|x86.Build.0 = Debug|Win32
		{134A8C3A-69A3-4A31-A3A5-9E04B3C43158}.Release|Win32.ActiveCfg = Release|Win32
		{134A8C3A-69A3-4A31-A3A5-9E04B3C43158}.Release|Win32.Build.0 = Release|Win32
		{134A8C3A-69A3-4A31-A3A5-9E04B3C43158}.Release|x64.ActiveCfg = Release|x64
		{134A8C3A-69A3-4A31-A3A5-9E04B3C43158}.Release|x64.Build.0 = Release|x64
		{134A8C3A-69A3-4A31-A3A5-9E04B3C43158}.Release|x86.ActiveCfg = Release|Win32
		{134A8C3A-69A3-4A31-A3A5-9E04B3C43158}.Release|x86.Build.0 = Release|Win32
		{DB4057D0-255A-4A72-A730-94DD88F2E163}.Debug|Win32.ActiveCfg = Debug|Win32
		{DB4057D0-255A-4A72-A730-94DD88F2E163}.Debug|Win32.Build.0 = Debug|Win32
		{DB4057D0-255A-4A72-A730-94DD88F2E163}.Debug|x64.ActiveCfg = Debug|x64
		{DB4057D0-255A-4A72-A730-94DD88F2E163}.Debug|x64.Build.0 = Debug|x64
		{DB4057D0-255A-4A72-A730-94DD88F2E163}.Debug|x86.ActiveCfg = Debug|Win32
		{DB4057D0-255A-4A72-A730-94DD88F2E163}.Debug|x86.Build.0 = Debug|Win32
		{DB4057D0-255A-4A72-A730-94DD88F2E163}.Release|Win32.ActiveCfg = Release|Win32
		{DB4057D0-255A-4A72-A730-94DD88F2E163}.Release|Win32.Build.0 = Release|Win32
		{DB4057D0-255A-4A72-A730-94DD88F2E163}.Release|x64.ActiveCfg = Release|x64
		{DB4057D0-255A-4A72-A730-94DD88F2E163}.Release|x64.Build.0 = Release|x64
		{DB4057D0-255A-4A72-A730-94DD88F2E163}.Release|x86.ActiveCfg = Release|Win32
		{DB4057D0-255A-4A72-A730-94DD88F2E163}.Release|x86.Build.0 = Release|Win32
		{5121A8F2-4C57-4908-8EB7-77250A431518}.Debug|Win32.ActiveCfg = Debug|Win32
		{5121A8F2-4C57-4908-8EB7-77250A431518}.Debug|Win32.Build.0 = Debug|Win32
		{5121A8F2-4C57-4908-8EB7-77250A431518}.Debug|x64.ActiveCfg = Debug|x64
		{5121A8F2-4C57-4908-8EB7-77250A431518}.Debug|x64.Build.0 = Debug|x64
		{5121A8F2-4C57-4908-8EB7-77250A431518}.Debug|x86.ActiveCfg = Debug|Win32
		{5121A8F2-4C57-4908-8EB7-77250A431518}.Debug|x86.Build.0 = Debug|Win32
		{5121A8F2-4C57-4908-8EB7-77250A431518}.Release|Win32.ActiveCfg = Release|Win32
		{5121A8F2-4C57-4908-8EB7-77250A431518}.Release|Win32.Build.0 = Release|Win32
		{5121A8F2-4C57-4908-8EB7-77250A431518}.Release|x64.ActiveCfg = Release|x64
		{5121A8F2-4C57-4908-8EB7-77250A431518}.Release|x64.Build.0 = Release|x64
		{5121A8F2-4C57-4908-8EB7-77250A431518}.Release|x86.ActiveCfg = Release|Win32
		{5121A8F2-4C57-4908-8EB7-77250A431518}.Release|x86.Build.0 = Release|Win32
	EndGlobalSection
	GlobalSection(SolutionProperties) = preSolution
		HideSolutionNode = FALSE
	EndGlobalSection
	GlobalSection(ExtensibilityGlobals) = postSolution
		SolutionGuid = {1773D0B9-2B05-4F93-B541-6F9910907AD8}
	EndGlobalSection
EndGlobal
