
Microsoft Visual Studio Solution File, Format Version 10.00
# Visual Studio 2008
Project("{8BC9CEB8-8B4A-11D0-8D11-00A0C91BC942}") = "第1章 win32应用程序", "第一个win32应用程序\第一个win32应用程序.vcproj", "{8E32D547-CB42-4C10-834A-F6673B73FA36}"
EndProject
Project("{8BC9CEB8-8B4A-11D0-8D11-00A0C91BC942}") = "第3章 MFC框架", "MFCArc\MFCArc.vcproj", "{4FBD8536-EBB7-40FD-B77E-F560965042E0}"
EndProject
Project("{8BC9CEB8-8B4A-11D0-8D11-00A0C91BC942}") = "第4章 DrawLine", "DrawLine\DraLine.vcproj", "{B1BD7290-5892-489C-96B5-4A04F7EFB03A}"
EndProject
Project("{8BC9CEB8-8B4A-11D0-8D11-00A0C91BC942}") = "第5章 文本编程", "Text\Text.vcproj", "{B8702F95-9DA0-4813-BB0A-465C11E149C5}"
EndProject
Project("{8BC9CEB8-8B4A-11D0-8D11-00A0C91BC942}") = "第7章 对话框1", "Mybole\Mybole.vcproj", "{90C5B868-900C-4FF3-B212-E9E8A9313975}"
EndProject
Project("{8BC9CEB8-8B4A-11D0-8D11-00A0C91BC942}") = "第8章 对话框2(逃跑按钮)", "Test\Test.vcproj", "{8FB63579-C491-46F1-B897-9343A6A89DD4}"
EndProject
Project("{8BC9CEB8-8B4A-11D0-8D11-00A0C91BC942}") = "第8章 创建属性表单", "Prop\Prop.vcproj", "{8DD0DB4F-0D2B-43F9-AA27-318C64D571A4}"
EndProject
Global
	GlobalSection(SolutionConfigurationPlatforms) = preSolution
		Debug|Win32 = Debug|Win32
		Release|Win32 = Release|Win32
	EndGlobalSection
	GlobalSection(ProjectConfigurationPlatforms) = postSolution
		{8E32D547-CB42-4C10-834A-F6673B73FA36}.Debug|Win32.ActiveCfg = Debug|Win32
		{8E32D547-CB42-4C10-834A-F6673B73FA36}.Debug|Win32.Build.0 = Debug|Win32
		{8E32D547-CB42-4C10-834A-F6673B73FA36}.Release|Win32.ActiveCfg = Release|Win32
		{8E32D547-CB42-4C10-834A-F6673B73FA36}.Release|Win32.Build.0 = Release|Win32
		{4FBD8536-EBB7-40FD-B77E-F560965042E0}.Debug|Win32.ActiveCfg = Debug|Win32
		{4FBD8536-EBB7-40FD-B77E-F560965042E0}.Debug|Win32.Build.0 = Debug|Win32
		{4FBD8536-EBB7-40FD-B77E-F560965042E0}.Release|Win32.ActiveCfg = Release|Win32
		{4FBD8536-EBB7-40FD-B77E-F560965042E0}.Release|Win32.Build.0 = Release|Win32
		{B1BD7290-5892-489C-96B5-4A04F7EFB03A}.Debug|Win32.ActiveCfg = Debug|Win32
		{B1BD7290-5892-489C-96B5-4A04F7EFB03A}.Debug|Win32.Build.0 = Debug|Win32
		{B1BD7290-5892-489C-96B5-4A04F7EFB03A}.Release|Win32.ActiveCfg = Release|Win32
		{B1BD7290-5892-489C-96B5-4A04F7EFB03A}.Release|Win32.Build.0 = Release|Win32
		{B8702F95-9DA0-4813-BB0A-465C11E149C5}.Debug|Win32.ActiveCfg = Debug|Win32
		{B8702F95-9DA0-4813-BB0A-465C11E149C5}.Debug|Win32.Build.0 = Debug|Win32
		{B8702F95-9DA0-4813-BB0A-465C11E149C5}.Release|Win32.ActiveCfg = Release|Win32
		{B8702F95-9DA0-4813-BB0A-465C11E149C5}.Release|Win32.Build.0 = Release|Win32
		{90C5B868-900C-4FF3-B212-E9E8A9313975}.Debug|Win32.ActiveCfg = Debug|Win32
		{90C5B868-900C-4FF3-B212-E9E8A9313975}.Debug|Win32.Build.0 = Debug|Win32
		{90C5B868-900C-4FF3-B212-E9E8A9313975}.Release|Win32.ActiveCfg = Release|Win32
		{90C5B868-900C-4FF3-B212-E9E8A9313975}.Release|Win32.Build.0 = Release|Win32
		{8FB63579-C491-46F1-B897-9343A6A89DD4}.Debug|Win32.ActiveCfg = Debug|Win32
		{8FB63579-C491-46F1-B897-9343A6A89DD4}.Debug|Win32.Build.0 = Debug|Win32
		{8FB63579-C491-46F1-B897-9343A6A89DD4}.Release|Win32.ActiveCfg = Release|Win32
		{8FB63579-C491-46F1-B897-9343A6A89DD4}.Release|Win32.Build.0 = Release|Win32
		{8DD0DB4F-0D2B-43F9-AA27-318C64D571A4}.Debug|Win32.ActiveCfg = Debug|Win32
		{8DD0DB4F-0D2B-43F9-AA27-318C64D571A4}.Debug|Win32.Build.0 = Debug|Win32
		{8DD0DB4F-0D2B-43F9-AA27-318C64D571A4}.Release|Win32.ActiveCfg = Release|Win32
		{8DD0DB4F-0D2B-43F9-AA27-318C64D571A4}.Release|Win32.Build.0 = Release|Win32
	EndGlobalSection
	GlobalSection(SolutionProperties) = preSolution
		HideSolutionNode = FALSE
	EndGlobalSection
EndGlobal
