
Microsoft Visual Studio Solution File, Format Version 10.00
# Visual Studio 2008
Project("{8BC9CEB8-8B4A-11D0-8D11-00A0C91BC942}") = "TestDll", "TestDll2\TestDll2.vcproj", "{207F376D-4553-49A4-91C0-04B644786AFF}"
EndProject
Project("{8BC9CEB8-8B4A-11D0-8D11-00A0C91BC942}") = "DLL1(采用Def文件)", "DLL1(采用Def文件)\DLL1.vcproj", "{DF4E508B-9A13-43B0-84F2-FCE20BAB4259}"
EndProject
Project("{8BC9CEB8-8B4A-11D0-8D11-00A0C91BC942}") = "DLL2(未采用Def文件)", "DLL2(未采用Def文件)\DLL2.vcproj", "{27A38D9A-44C8-433F-BAA2-31BBD5D3590D}"
EndProject
Project("{8BC9CEB8-8B4A-11D0-8D11-00A0C91BC942}") = "第1章 win32应用程序", "第1章 win32应用程序\第一个win32应用程序.vcproj", "{8E32D547-CB42-4C10-834A-F6673B73FA36}"
EndProject
Project("{8BC9CEB8-8B4A-11D0-8D11-00A0C91BC942}") = "第3章 MFC框架", "第3章 MFC框架\MFCArc.vcproj", "{4FBD8536-EBB7-40FD-B77E-F560965042E0}"
EndProject
Project("{8BC9CEB8-8B4A-11D0-8D11-00A0C91BC942}") = "第4章 DrawLine", "第4章 DrawLine\DraLine.vcproj", "{B1BD7290-5892-489C-96B5-4A04F7EFB03A}"
EndProject
Project("{8BC9CEB8-8B4A-11D0-8D11-00A0C91BC942}") = "第5章 文本编程", "第5章 文本编程\Text.vcproj", "{B8702F95-9DA0-4813-BB0A-465C11E149C5}"
EndProject
Project("{8BC9CEB8-8B4A-11D0-8D11-00A0C91BC942}") = "第7章 对话框1", "第7章 对话框1\Mybole.vcproj", "{90C5B868-900C-4FF3-B212-E9E8A9313975}"
EndProject
Project("{8BC9CEB8-8B4A-11D0-8D11-00A0C91BC942}") = "第8章 创建属性表单", "第8章 创建属性表单\Prop.vcproj", "{8DD0DB4F-0D2B-43F9-AA27-318C64D571A4}"
EndProject
Project("{8BC9CEB8-8B4A-11D0-8D11-00A0C91BC942}") = "第8章 对话框2(逃跑按钮)", "第8章 对话框2(逃跑按钮)\Test.vcproj", "{8FB63579-C491-46F1-B897-9343A6A89DD4}"
EndProject
Project("{8BC9CEB8-8B4A-11D0-8D11-00A0C91BC942}") = "WriteXML", "WriteXML\WriteXML.vcproj", "{FCD92CE5-0401-49C3-BB8D-1F589FAF69C7}"
EndProject
Project("{8BC9CEB8-8B4A-11D0-8D11-00A0C91BC942}") = "第6章1 菜单", "第6章1 菜单\Menu.vcproj", "{B9232C92-F52D-4632-B291-A4068C91A051}"
EndProject
Project("{8BC9CEB8-8B4A-11D0-8D11-00A0C91BC942}") = "第6章2 动态菜单", "第6章2 动态菜单\Menu2.vcproj", "{48000482-FD50-4FE7-879F-1B571FFC3372}"
EndProject
Project("{8BC9CEB8-8B4A-11D0-8D11-00A0C91BC942}") = "第6章3 电话本实例程序", "第6章3 电话本实例程序\Menu3.vcproj", "{D7D6D9FB-CC50-4489-A04E-73B0C19D7C36}"
EndProject
Project("{8BC9CEB8-8B4A-11D0-8D11-00A0C91BC942}") = "第9章1 定制外观", "第9章1 定制程序外观\Style.vcproj", "{D5BF4CDC-CB42-45CC-8AD8-CF5858228625}"
EndProject
Project("{8BC9CEB8-8B4A-11D0-8D11-00A0C91BC942}") = "第9章2 模拟动画图标", "第9章2 模拟动画图标\PicSwitch.vcproj", "{DD8957EB-A627-4A77-89AA-DC1438326C14}"
EndProject
Project("{8BC9CEB8-8B4A-11D0-8D11-00A0C91BC942}") = "第10章 绘图控制", "第10章 绘图控制\Graphic.vcproj", "{A318349D-1814-4023-A644-D0DC518F5645}"
EndProject
Global
	GlobalSection(SolutionConfigurationPlatforms) = preSolution
		Debug|Win32 = Debug|Win32
		Debug|x64 = Debug|x64
		Release|Win32 = Release|Win32
		Release|x64 = Release|x64
	EndGlobalSection
	GlobalSection(ProjectConfigurationPlatforms) = postSolution
		{207F376D-4553-49A4-91C0-04B644786AFF}.Debug|Win32.ActiveCfg = Debug|Win32
		{207F376D-4553-49A4-91C0-04B644786AFF}.Debug|Win32.Build.0 = Debug|Win32
		{207F376D-4553-49A4-91C0-04B644786AFF}.Debug|x64.ActiveCfg = Debug|Win32
		{207F376D-4553-49A4-91C0-04B644786AFF}.Debug|x64.Build.0 = Debug|Win32
		{207F376D-4553-49A4-91C0-04B644786AFF}.Release|Win32.ActiveCfg = Release|Win32
		{207F376D-4553-49A4-91C0-04B644786AFF}.Release|Win32.Build.0 = Release|Win32
		{207F376D-4553-49A4-91C0-04B644786AFF}.Release|x64.ActiveCfg = Release|Win32
		{207F376D-4553-49A4-91C0-04B644786AFF}.Release|x64.Build.0 = Release|Win32
		{DF4E508B-9A13-43B0-84F2-FCE20BAB4259}.Debug|Win32.ActiveCfg = Debug|Win32
		{DF4E508B-9A13-43B0-84F2-FCE20BAB4259}.Debug|Win32.Build.0 = Debug|Win32
		{DF4E508B-9A13-43B0-84F2-FCE20BAB4259}.Debug|x64.ActiveCfg = Debug|Win32
		{DF4E508B-9A13-43B0-84F2-FCE20BAB4259}.Debug|x64.Build.0 = Debug|Win32
		{DF4E508B-9A13-43B0-84F2-FCE20BAB4259}.Release|Win32.ActiveCfg = Release|Win32
		{DF4E508B-9A13-43B0-84F2-FCE20BAB4259}.Release|Win32.Build.0 = Release|Win32
		{DF4E508B-9A13-43B0-84F2-FCE20BAB4259}.Release|x64.ActiveCfg = Release|Win32
		{DF4E508B-9A13-43B0-84F2-FCE20BAB4259}.Release|x64.Build.0 = Release|Win32
		{27A38D9A-44C8-433F-BAA2-31BBD5D3590D}.Debug|Win32.ActiveCfg = Debug|Win32
		{27A38D9A-44C8-433F-BAA2-31BBD5D3590D}.Debug|Win32.Build.0 = Debug|Win32
		{27A38D9A-44C8-433F-BAA2-31BBD5D3590D}.Debug|x64.ActiveCfg = Debug|Win32
		{27A38D9A-44C8-433F-BAA2-31BBD5D3590D}.Debug|x64.Build.0 = Debug|Win32
		{27A38D9A-44C8-433F-BAA2-31BBD5D3590D}.Release|Win32.ActiveCfg = Release|Win32
		{27A38D9A-44C8-433F-BAA2-31BBD5D3590D}.Release|Win32.Build.0 = Release|Win32
		{27A38D9A-44C8-433F-BAA2-31BBD5D3590D}.Release|x64.ActiveCfg = Release|Win32
		{27A38D9A-44C8-433F-BAA2-31BBD5D3590D}.Release|x64.Build.0 = Release|Win32
		{8E32D547-CB42-4C10-834A-F6673B73FA36}.Debug|Win32.ActiveCfg = Debug|Win32
		{8E32D547-CB42-4C10-834A-F6673B73FA36}.Debug|Win32.Build.0 = Debug|Win32
		{8E32D547-CB42-4C10-834A-F6673B73FA36}.Debug|x64.ActiveCfg = Debug|x64
		{8E32D547-CB42-4C10-834A-F6673B73FA36}.Debug|x64.Build.0 = Debug|x64
		{8E32D547-CB42-4C10-834A-F6673B73FA36}.Release|Win32.ActiveCfg = Release|Win32
		{8E32D547-CB42-4C10-834A-F6673B73FA36}.Release|Win32.Build.0 = Release|Win32
		{8E32D547-CB42-4C10-834A-F6673B73FA36}.Release|x64.ActiveCfg = Release|Win32
		{8E32D547-CB42-4C10-834A-F6673B73FA36}.Release|x64.Build.0 = Release|Win32
		{4FBD8536-EBB7-40FD-B77E-F560965042E0}.Debug|Win32.ActiveCfg = Debug|Win32
		{4FBD8536-EBB7-40FD-B77E-F560965042E0}.Debug|Win32.Build.0 = Debug|Win32
		{4FBD8536-EBB7-40FD-B77E-F560965042E0}.Debug|x64.ActiveCfg = Debug|Win32
		{4FBD8536-EBB7-40FD-B77E-F560965042E0}.Debug|x64.Build.0 = Debug|Win32
		{4FBD8536-EBB7-40FD-B77E-F560965042E0}.Release|Win32.ActiveCfg = Release|Win32
		{4FBD8536-EBB7-40FD-B77E-F560965042E0}.Release|Win32.Build.0 = Release|Win32
		{4FBD8536-EBB7-40FD-B77E-F560965042E0}.Release|x64.ActiveCfg = Release|Win32
		{4FBD8536-EBB7-40FD-B77E-F560965042E0}.Release|x64.Build.0 = Release|Win32
		{B1BD7290-5892-489C-96B5-4A04F7EFB03A}.Debug|Win32.ActiveCfg = Debug|Win32
		{B1BD7290-5892-489C-96B5-4A04F7EFB03A}.Debug|Win32.Build.0 = Debug|Win32
		{B1BD7290-5892-489C-96B5-4A04F7EFB03A}.Debug|x64.ActiveCfg = Debug|Win32
		{B1BD7290-5892-489C-96B5-4A04F7EFB03A}.Debug|x64.Build.0 = Debug|Win32
		{B1BD7290-5892-489C-96B5-4A04F7EFB03A}.Release|Win32.ActiveCfg = Release|Win32
		{B1BD7290-5892-489C-96B5-4A04F7EFB03A}.Release|Win32.Build.0 = Release|Win32
		{B1BD7290-5892-489C-96B5-4A04F7EFB03A}.Release|x64.ActiveCfg = Release|Win32
		{B1BD7290-5892-489C-96B5-4A04F7EFB03A}.Release|x64.Build.0 = Release|Win32
		{B8702F95-9DA0-4813-BB0A-465C11E149C5}.Debug|Win32.ActiveCfg = Debug|Win32
		{B8702F95-9DA0-4813-BB0A-465C11E149C5}.Debug|Win32.Build.0 = Debug|Win32
		{B8702F95-9DA0-4813-BB0A-465C11E149C5}.Debug|x64.ActiveCfg = Debug|Win32
		{B8702F95-9DA0-4813-BB0A-465C11E149C5}.Debug|x64.Build.0 = Debug|Win32
		{B8702F95-9DA0-4813-BB0A-465C11E149C5}.Release|Win32.ActiveCfg = Release|Win32
		{B8702F95-9DA0-4813-BB0A-465C11E149C5}.Release|Win32.Build.0 = Release|Win32
		{B8702F95-9DA0-4813-BB0A-465C11E149C5}.Release|x64.ActiveCfg = Release|Win32
		{B8702F95-9DA0-4813-BB0A-465C11E149C5}.Release|x64.Build.0 = Release|Win32
		{90C5B868-900C-4FF3-B212-E9E8A9313975}.Debug|Win32.ActiveCfg = Debug|Win32
		{90C5B868-900C-4FF3-B212-E9E8A9313975}.Debug|Win32.Build.0 = Debug|Win32
		{90C5B868-900C-4FF3-B212-E9E8A9313975}.Debug|x64.ActiveCfg = Debug|Win32
		{90C5B868-900C-4FF3-B212-E9E8A9313975}.Debug|x64.Build.0 = Debug|Win32
		{90C5B868-900C-4FF3-B212-E9E8A9313975}.Release|Win32.ActiveCfg = Release|Win32
		{90C5B868-900C-4FF3-B212-E9E8A9313975}.Release|Win32.Build.0 = Release|Win32
		{90C5B868-900C-4FF3-B212-E9E8A9313975}.Release|x64.ActiveCfg = Release|Win32
		{90C5B868-900C-4FF3-B212-E9E8A9313975}.Release|x64.Build.0 = Release|Win32
		{8DD0DB4F-0D2B-43F9-AA27-318C64D571A4}.Debug|Win32.ActiveCfg = Debug|Win32
		{8DD0DB4F-0D2B-43F9-AA27-318C64D571A4}.Debug|Win32.Build.0 = Debug|Win32
		{8DD0DB4F-0D2B-43F9-AA27-318C64D571A4}.Debug|x64.ActiveCfg = Debug|Win32
		{8DD0DB4F-0D2B-43F9-AA27-318C64D571A4}.Debug|x64.Build.0 = Debug|Win32
		{8DD0DB4F-0D2B-43F9-AA27-318C64D571A4}.Release|Win32.ActiveCfg = Release|Win32
		{8DD0DB4F-0D2B-43F9-AA27-318C64D571A4}.Release|Win32.Build.0 = Release|Win32
		{8DD0DB4F-0D2B-43F9-AA27-318C64D571A4}.Release|x64.ActiveCfg = Release|Win32
		{8DD0DB4F-0D2B-43F9-AA27-318C64D571A4}.Release|x64.Build.0 = Release|Win32
		{8FB63579-C491-46F1-B897-9343A6A89DD4}.Debug|Win32.ActiveCfg = Debug|Win32
		{8FB63579-C491-46F1-B897-9343A6A89DD4}.Debug|Win32.Build.0 = Debug|Win32
		{8FB63579-C491-46F1-B897-9343A6A89DD4}.Debug|x64.ActiveCfg = Debug|Win32
		{8FB63579-C491-46F1-B897-9343A6A89DD4}.Debug|x64.Build.0 = Debug|Win32
		{8FB63579-C491-46F1-B897-9343A6A89DD4}.Release|Win32.ActiveCfg = Release|Win32
		{8FB63579-C491-46F1-B897-9343A6A89DD4}.Release|Win32.Build.0 = Release|Win32
		{8FB63579-C491-46F1-B897-9343A6A89DD4}.Release|x64.ActiveCfg = Release|Win32
		{8FB63579-C491-46F1-B897-9343A6A89DD4}.Release|x64.Build.0 = Release|Win32
		{FCD92CE5-0401-49C3-BB8D-1F589FAF69C7}.Debug|Win32.ActiveCfg = Debug|Win32
		{FCD92CE5-0401-49C3-BB8D-1F589FAF69C7}.Debug|Win32.Build.0 = Debug|Win32
		{FCD92CE5-0401-49C3-BB8D-1F589FAF69C7}.Debug|x64.ActiveCfg = Debug|x64
		{FCD92CE5-0401-49C3-BB8D-1F589FAF69C7}.Debug|x64.Build.0 = Debug|x64
		{FCD92CE5-0401-49C3-BB8D-1F589FAF69C7}.Release|Win32.ActiveCfg = Release|Win32
		{FCD92CE5-0401-49C3-BB8D-1F589FAF69C7}.Release|Win32.Build.0 = Release|Win32
		{FCD92CE5-0401-49C3-BB8D-1F589FAF69C7}.Release|x64.ActiveCfg = Release|Win32
		{B9232C92-F52D-4632-B291-A4068C91A051}.Debug|Win32.ActiveCfg = Debug|Win32
		{B9232C92-F52D-4632-B291-A4068C91A051}.Debug|Win32.Build.0 = Debug|Win32
		{B9232C92-F52D-4632-B291-A4068C91A051}.Debug|x64.ActiveCfg = Debug|x64
		{B9232C92-F52D-4632-B291-A4068C91A051}.Debug|x64.Build.0 = Debug|x64
		{B9232C92-F52D-4632-B291-A4068C91A051}.Release|Win32.ActiveCfg = Release|Win32
		{B9232C92-F52D-4632-B291-A4068C91A051}.Release|Win32.Build.0 = Release|Win32
		{B9232C92-F52D-4632-B291-A4068C91A051}.Release|x64.ActiveCfg = Release|x64
		{B9232C92-F52D-4632-B291-A4068C91A051}.Release|x64.Build.0 = Release|x64
		{48000482-FD50-4FE7-879F-1B571FFC3372}.Debug|Win32.ActiveCfg = Debug|Win32
		{48000482-FD50-4FE7-879F-1B571FFC3372}.Debug|Win32.Build.0 = Debug|Win32
		{48000482-FD50-4FE7-879F-1B571FFC3372}.Debug|x64.ActiveCfg = Debug|x64
		{48000482-FD50-4FE7-879F-1B571FFC3372}.Debug|x64.Build.0 = Debug|x64
		{48000482-FD50-4FE7-879F-1B571FFC3372}.Release|Win32.ActiveCfg = Release|Win32
		{48000482-FD50-4FE7-879F-1B571FFC3372}.Release|Win32.Build.0 = Release|Win32
		{48000482-FD50-4FE7-879F-1B571FFC3372}.Release|x64.ActiveCfg = Release|x64
		{48000482-FD50-4FE7-879F-1B571FFC3372}.Release|x64.Build.0 = Release|x64
		{D7D6D9FB-CC50-4489-A04E-73B0C19D7C36}.Debug|Win32.ActiveCfg = Debug|Win32
		{D7D6D9FB-CC50-4489-A04E-73B0C19D7C36}.Debug|Win32.Build.0 = Debug|Win32
		{D7D6D9FB-CC50-4489-A04E-73B0C19D7C36}.Debug|x64.ActiveCfg = Debug|x64
		{D7D6D9FB-CC50-4489-A04E-73B0C19D7C36}.Debug|x64.Build.0 = Debug|x64
		{D7D6D9FB-CC50-4489-A04E-73B0C19D7C36}.Release|Win32.ActiveCfg = Release|Win32
		{D7D6D9FB-CC50-4489-A04E-73B0C19D7C36}.Release|Win32.Build.0 = Release|Win32
		{D7D6D9FB-CC50-4489-A04E-73B0C19D7C36}.Release|x64.ActiveCfg = Release|x64
		{D7D6D9FB-CC50-4489-A04E-73B0C19D7C36}.Release|x64.Build.0 = Release|x64
		{D5BF4CDC-CB42-45CC-8AD8-CF5858228625}.Debug|Win32.ActiveCfg = Debug|Win32
		{D5BF4CDC-CB42-45CC-8AD8-CF5858228625}.Debug|Win32.Build.0 = Debug|Win32
		{D5BF4CDC-CB42-45CC-8AD8-CF5858228625}.Debug|x64.ActiveCfg = Debug|x64
		{D5BF4CDC-CB42-45CC-8AD8-CF5858228625}.Debug|x64.Build.0 = Debug|x64
		{D5BF4CDC-CB42-45CC-8AD8-CF5858228625}.Release|Win32.ActiveCfg = Release|Win32
		{D5BF4CDC-CB42-45CC-8AD8-CF5858228625}.Release|Win32.Build.0 = Release|Win32
		{D5BF4CDC-CB42-45CC-8AD8-CF5858228625}.Release|x64.ActiveCfg = Release|x64
		{D5BF4CDC-CB42-45CC-8AD8-CF5858228625}.Release|x64.Build.0 = Release|x64
		{DD8957EB-A627-4A77-89AA-DC1438326C14}.Debug|Win32.ActiveCfg = Debug|Win32
		{DD8957EB-A627-4A77-89AA-DC1438326C14}.Debug|Win32.Build.0 = Debug|Win32
		{DD8957EB-A627-4A77-89AA-DC1438326C14}.Debug|x64.ActiveCfg = Debug|x64
		{DD8957EB-A627-4A77-89AA-DC1438326C14}.Debug|x64.Build.0 = Debug|x64
		{DD8957EB-A627-4A77-89AA-DC1438326C14}.Release|Win32.ActiveCfg = Release|Win32
		{DD8957EB-A627-4A77-89AA-DC1438326C14}.Release|Win32.Build.0 = Release|Win32
		{DD8957EB-A627-4A77-89AA-DC1438326C14}.Release|x64.ActiveCfg = Release|x64
		{DD8957EB-A627-4A77-89AA-DC1438326C14}.Release|x64.Build.0 = Release|x64
		{A318349D-1814-4023-A644-D0DC518F5645}.Debug|Win32.ActiveCfg = Debug|Win32
		{A318349D-1814-4023-A644-D0DC518F5645}.Debug|Win32.Build.0 = Debug|Win32
		{A318349D-1814-4023-A644-D0DC518F5645}.Debug|x64.ActiveCfg = Debug|x64
		{A318349D-1814-4023-A644-D0DC518F5645}.Debug|x64.Build.0 = Debug|x64
		{A318349D-1814-4023-A644-D0DC518F5645}.Release|Win32.ActiveCfg = Release|Win32
		{A318349D-1814-4023-A644-D0DC518F5645}.Release|Win32.Build.0 = Release|Win32
		{A318349D-1814-4023-A644-D0DC518F5645}.Release|x64.ActiveCfg = Release|x64
		{A318349D-1814-4023-A644-D0DC518F5645}.Release|x64.Build.0 = Release|x64
	EndGlobalSection
	GlobalSection(SolutionProperties) = preSolution
		HideSolutionNode = FALSE
	EndGlobalSection
EndGlobal
