
Microsoft Visual Studio Solution File, Format Version 12.00
# Visual Studio 15
VisualStudioVersion = 15.0.28307.1145
MinimumVisualStudioVersion = 10.0.40219.1
Project("{8BC9CEB8-8B4A-11D0-8D11-00A0C91BC942}") = "CNumSpinCtrlDemo", "CNumSpinCtrlDemo.vcxproj", "{59F74CC8-D02E-4723-896E-04F29EC5E225}"
EndProject
Global
	GlobalSection(SolutionConfigurationPlatforms) = preSolution
		Debug|x86 = Debug|x86
		Release|x86 = Release|x86
	EndGlobalSection
	GlobalSection(ProjectConfigurationPlatforms) = postSolution
		{59F74CC8-D02E-4723-896E-04F29EC5E225}.Debug|x86.ActiveCfg = Debug|Win32
		{59F74CC8-D02E-4723-896E-04F29EC5E225}.Debug|x86.Build.0 = Debug|Win32
		{59F74CC8-D02E-4723-896E-04F29EC5E225}.Release|x86.ActiveCfg = Release|Win32
		{59F74CC8-D02E-4723-896E-04F29EC5E225}.Release|x86.Build.0 = Release|Win32
	EndGlobalSection
	GlobalSection(SolutionProperties) = preSolution
		HideSolutionNode = FALSE
	EndGlobalSection
	GlobalSection(ExtensibilityGlobals) = postSolution
		SolutionGuid = {046DA01E-1871-4504-AEEF-1D10B94AFEB5}
	EndGlobalSection
EndGlobal
