
Microsoft Visual Studio Solution File, Format Version 10.00
# Visual Studio 2008
Project("{8BC9CEB8-8B4A-11D0-8D11-00A0C91BC942}") = "第8章 对话框2(逃跑按钮)", "Test.vcproj", "{8FB63579-C491-46F1-B897-9343A6A89DD4}"
EndProject
Global
	GlobalSection(SolutionConfigurationPlatforms) = preSolution
		Debug|Win32 = Debug|Win32
		Release|Win32 = Release|Win32
	EndGlobalSection
	GlobalSection(ProjectConfigurationPlatforms) = postSolution
		{8FB63579-C491-46F1-B897-9343A6A89DD4}.Debug|Win32.ActiveCfg = Debug|Win32
		{8FB63579-C491-46F1-B897-9343A6A89DD4}.Debug|Win32.Build.0 = Debug|Win32
		{8FB63579-C491-46F1-B897-9343A6A89DD4}.Release|Win32.ActiveCfg = Release|Win32
		{8FB63579-C491-46F1-B897-9343A6A89DD4}.Release|Win32.Build.0 = Release|Win32
	EndGlobalSection
	GlobalSection(SolutionProperties) = preSolution
		HideSolutionNode = FALSE
	EndGlobalSection
EndGlobal
